// !$*UTF8*$!
{
	archiveVersion = 1;
	classes = {
	};
	objectVersion = 52;
	objects = {

/* Begin PBXBuildFile section */
		4807046327171B5D008E20CC /* KakaoSDKAuth in Frameworks */ = {isa = PBXBuildFile; productRef = 4807046227171B5D008E20CC /* KakaoSDKAuth */; };
		4807046527171B5D008E20CC /* KakaoSDKCommon in Frameworks */ = {isa = PBXBuildFile; productRef = 4807046427171B5D008E20CC /* KakaoSDKCommon */; };
		4807046727171B5D008E20CC /* KakaoSDKUser in Frameworks */ = {isa = PBXBuildFile; productRef = 4807046627171B5D008E20CC /* KakaoSDKUser */; };
		4807046A27171CF9008E20CC /* RxKakaoSDKAuth in Frameworks */ = {isa = PBXBuildFile; productRef = 4807046927171CF9008E20CC /* RxKakaoSDKAuth */; };
		4807046C27171CF9008E20CC /* RxKakaoSDKCommon in Frameworks */ = {isa = PBXBuildFile; productRef = 4807046B27171CF9008E20CC /* RxKakaoSDKCommon */; };
		4807046E27171CF9008E20CC /* RxKakaoSDKUser in Frameworks */ = {isa = PBXBuildFile; productRef = 4807046D27171CF9008E20CC /* RxKakaoSDKUser */; };
		48123D7B26B1A8EE0058CEDF /* SwiftUIPreview.swift in Sources */ = {isa = PBXBuildFile; fileRef = 48123D7A26B1A8EE0058CEDF /* SwiftUIPreview.swift */; };
		48123D7D26B1A9070058CEDF /* PlaceCell.swift in Sources */ = {isa = PBXBuildFile; fileRef = 48123D7C26B1A9070058CEDF /* PlaceCell.swift */; };
		4819AE2527101AA50073A2C4 /* SearchFlow.swift in Sources */ = {isa = PBXBuildFile; fileRef = 4819AE2427101AA50073A2C4 /* SearchFlow.swift */; };
		4819AE2A2710225E0073A2C4 /* PlaceView.swift in Sources */ = {isa = PBXBuildFile; fileRef = 4819AE272710225E0073A2C4 /* PlaceView.swift */; };
		4819AE2B2710225E0073A2C4 /* PlaceViewController.swift in Sources */ = {isa = PBXBuildFile; fileRef = 4819AE282710225E0073A2C4 /* PlaceViewController.swift */; };
		4819AE2C2710225E0073A2C4 /* PlaceViewModel.swift in Sources */ = {isa = PBXBuildFile; fileRef = 4819AE292710225E0073A2C4 /* PlaceViewModel.swift */; };
		4825FEF026CA4D1A00BD1402 /* UserServiceTests.swift in Sources */ = {isa = PBXBuildFile; fileRef = 4825FEEF26CA4D1A00BD1402 /* UserServiceTests.swift */; };
		4825FEF226CA58BC00BD1402 /* UserManagementInterceptor.swift in Sources */ = {isa = PBXBuildFile; fileRef = 4825FEF126CA58BC00BD1402 /* UserManagementInterceptor.swift */; };
		4825FEF426CA594F00BD1402 /* UserDefaults+Extension.swift in Sources */ = {isa = PBXBuildFile; fileRef = 4825FEF326CA594F00BD1402 /* UserDefaults+Extension.swift */; };
		4825FEF626CBB79700BD1402 /* ThirdPartyLoginService.swift in Sources */ = {isa = PBXBuildFile; fileRef = 4825FEF526CBB79700BD1402 /* ThirdPartyLoginService.swift */; };
		4825FEF826CBB7F700BD1402 /* ThirdPartyLoginServiceTests.swift in Sources */ = {isa = PBXBuildFile; fileRef = 4825FEF726CBB7F700BD1402 /* ThirdPartyLoginServiceTests.swift */; };
		482A6FC726AD7267001BF0BD /* CommentCell.swift in Sources */ = {isa = PBXBuildFile; fileRef = 482A6FC626AD7267001BF0BD /* CommentCell.swift */; };
		484861DF26F1E2C400861155 /* TimelineViewController.swift in Sources */ = {isa = PBXBuildFile; fileRef = 484861DD26F1E2C400861155 /* TimelineViewController.swift */; };
		484DB8AE26C9AF71004D5EB6 /* Error+Extension.swift in Sources */ = {isa = PBXBuildFile; fileRef = 484DB8AD26C9AF71004D5EB6 /* Error+Extension.swift */; };
		484DB8B026CA097F004D5EB6 /* UserAccount.swift in Sources */ = {isa = PBXBuildFile; fileRef = 484DB8AF26CA097F004D5EB6 /* UserAccount.swift */; };
		484DB8B926CA14DB004D5EB6 /* JWTToken.swift in Sources */ = {isa = PBXBuildFile; fileRef = 484DB8B826CA14DB004D5EB6 /* JWTToken.swift */; };
		484DB8BD26CA3D7A004D5EB6 /* String+Extension.swift in Sources */ = {isa = PBXBuildFile; fileRef = 484DB8BC26CA3D7A004D5EB6 /* String+Extension.swift */; };
		485060C627180915002645AE /* CategorySelectViewController.swift in Sources */ = {isa = PBXBuildFile; fileRef = 485060C527180915002645AE /* CategorySelectViewController.swift */; };
		485060C827180942002645AE /* CategorySelectView.swift in Sources */ = {isa = PBXBuildFile; fileRef = 485060C727180942002645AE /* CategorySelectView.swift */; };
		485060CA27181A8D002645AE /* AreaSelectViewController.swift in Sources */ = {isa = PBXBuildFile; fileRef = 485060C927181A8D002645AE /* AreaSelectViewController.swift */; };
		485060CC27181A92002645AE /* AreaSelectView.swift in Sources */ = {isa = PBXBuildFile; fileRef = 485060CB27181A92002645AE /* AreaSelectView.swift */; };
		485B800226E73DA00078469C /* Tour.swift in Sources */ = {isa = PBXBuildFile; fileRef = 485B800126E73DA00078469C /* Tour.swift */; };
		48609AE226D39C300095C5E7 /* APIPlaceSearchService.swift in Sources */ = {isa = PBXBuildFile; fileRef = 48609AE126D39C300095C5E7 /* APIPlaceSearchService.swift */; };
		48609AE426D39DB20095C5E7 /* Place.swift in Sources */ = {isa = PBXBuildFile; fileRef = 48609AE326D39DB20095C5E7 /* Place.swift */; };
		48609AEC26D4FC9D0095C5E7 /* PlaceServiceTests.swift in Sources */ = {isa = PBXBuildFile; fileRef = 48609AEB26D4FC9D0095C5E7 /* PlaceServiceTests.swift */; };
		4869D02526C8017E0076C570 /* Constraints.swift in Sources */ = {isa = PBXBuildFile; fileRef = 4869D02426C8017E0076C570 /* Constraints.swift */; };
		4869D02726C803480076C570 /* Debug.xcconfig in Resources */ = {isa = PBXBuildFile; fileRef = 4869D02626C803480076C570 /* Debug.xcconfig */; };
		4869D02C26C8064D0076C570 /* SignUpViewController.swift in Sources */ = {isa = PBXBuildFile; fileRef = 4869D02926C8064D0076C570 /* SignUpViewController.swift */; };
		4869D02D26C8064D0076C570 /* SignUpView.swift in Sources */ = {isa = PBXBuildFile; fileRef = 4869D02A26C8064D0076C570 /* SignUpView.swift */; };
		4869D02E26C8064D0076C570 /* SignUpViewModel.swift in Sources */ = {isa = PBXBuildFile; fileRef = 4869D02B26C8064D0076C570 /* SignUpViewModel.swift */; };
		4869D03026C808330076C570 /* SignUpTests.swift in Sources */ = {isa = PBXBuildFile; fileRef = 4869D02F26C808330076C570 /* SignUpTests.swift */; };
		4869D03326C828B40076C570 /* RxSwift in Frameworks */ = {isa = PBXBuildFile; productRef = 4869D03226C828B40076C570 /* RxSwift */; };
		4869D03526C828B40076C570 /* RxTest in Frameworks */ = {isa = PBXBuildFile; productRef = 4869D03426C828B40076C570 /* RxTest */; };
		4869D03726C828B40076C570 /* RxRelay in Frameworks */ = {isa = PBXBuildFile; productRef = 4869D03626C828B40076C570 /* RxRelay */; };
		4869D03926C828B40076C570 /* RxCocoa in Frameworks */ = {isa = PBXBuildFile; productRef = 4869D03826C828B40076C570 /* RxCocoa */; };
		4869D03B26C828B40076C570 /* RxBlocking in Frameworks */ = {isa = PBXBuildFile; productRef = 4869D03A26C828B40076C570 /* RxBlocking */; };
		487CDCC726CE04820092EC63 /* NSLayoutConstraint+Extension.swift in Sources */ = {isa = PBXBuildFile; fileRef = 487CDCC426CE04820092EC63 /* NSLayoutConstraint+Extension.swift */; };
		487CDCC826CE04820092EC63 /* NSObject+Extension.swift in Sources */ = {isa = PBXBuildFile; fileRef = 487CDCC526CE04820092EC63 /* NSObject+Extension.swift */; };
		487CDCC926CE04820092EC63 /* UIColor+Extension.swift in Sources */ = {isa = PBXBuildFile; fileRef = 487CDCC626CE04820092EC63 /* UIColor+Extension.swift */; };
		4891A82426CCFF3D00C3B780 /* LoginViewController.swift in Sources */ = {isa = PBXBuildFile; fileRef = 4891A82126CCFF3D00C3B780 /* LoginViewController.swift */; };
		4891A82526CCFF3D00C3B780 /* LoginView.swift in Sources */ = {isa = PBXBuildFile; fileRef = 4891A82226CCFF3D00C3B780 /* LoginView.swift */; };
		4891A82626CCFF3D00C3B780 /* LoginViewModel.swift in Sources */ = {isa = PBXBuildFile; fileRef = 4891A82326CCFF3D00C3B780 /* LoginViewModel.swift */; };
		4891A82826CD68F500C3B780 /* NaverLogin+Rx.swift in Sources */ = {isa = PBXBuildFile; fileRef = 4891A82726CD68F500C3B780 /* NaverLogin+Rx.swift */; };
		4898971D26AC3527000499AC /* AppStepper.swift in Sources */ = {isa = PBXBuildFile; fileRef = 4898971C26AC3527000499AC /* AppStepper.swift */; };
		4898971F26AC353F000499AC /* AppSteps.swift in Sources */ = {isa = PBXBuildFile; fileRef = 4898971E26AC353F000499AC /* AppSteps.swift */; };
		4898972126AC356F000499AC /* AppFlow.swift in Sources */ = {isa = PBXBuildFile; fileRef = 4898972026AC356F000499AC /* AppFlow.swift */; };
		4898972526AC36DC000499AC /* HomeFlow.swift in Sources */ = {isa = PBXBuildFile; fileRef = 4898972426AC36DC000499AC /* HomeFlow.swift */; };
		489FB9D226AC397A00641F21 /* MapFlow.swift in Sources */ = {isa = PBXBuildFile; fileRef = 489FB9D126AC397A00641F21 /* MapFlow.swift */; };
		489FB9D426AC3A4400641F21 /* MapViewController.swift in Sources */ = {isa = PBXBuildFile; fileRef = 489FB9D326AC3A4400641F21 /* MapViewController.swift */; };
		489FB9D626AC3A4B00641F21 /* MapViewModel.swift in Sources */ = {isa = PBXBuildFile; fileRef = 489FB9D526AC3A4B00641F21 /* MapViewModel.swift */; };
		489FB9DA26AC3BD400641F21 /* TimelineFlow.swift in Sources */ = {isa = PBXBuildFile; fileRef = 489FB9D926AC3BD400641F21 /* TimelineFlow.swift */; };
		489FB9E026AC3C1500641F21 /* TimelineViewModel.swift in Sources */ = {isa = PBXBuildFile; fileRef = 489FB9DF26AC3C1500641F21 /* TimelineViewModel.swift */; };
		489FB9E326AC3D0000641F21 /* UserInfoViewController.swift in Sources */ = {isa = PBXBuildFile; fileRef = 489FB9E226AC3D0000641F21 /* UserInfoViewController.swift */; };
		489FB9E526AC3D0600641F21 /* UserInfoViewModel.swift in Sources */ = {isa = PBXBuildFile; fileRef = 489FB9E426AC3D0600641F21 /* UserInfoViewModel.swift */; };
		489FB9E826AC3DA500641F21 /* UserInfoFlow.swift in Sources */ = {isa = PBXBuildFile; fileRef = 489FB9E726AC3DA500641F21 /* UserInfoFlow.swift */; };
		48BC6D0126D90682002AC334 /* Review.swift in Sources */ = {isa = PBXBuildFile; fileRef = 48BC6D0026D90682002AC334 /* Review.swift */; };
		48C2DB1226BD8A9600877AB5 /* NaverThirdPartyLogin.framework in Frameworks */ = {isa = PBXBuildFile; fileRef = 48C2DB0E26BD8A7400877AB5 /* NaverThirdPartyLogin.framework */; };
		48C2DB1326BD8A9600877AB5 /* NaverThirdPartyLogin.framework in Embed Frameworks */ = {isa = PBXBuildFile; fileRef = 48C2DB0E26BD8A7400877AB5 /* NaverThirdPartyLogin.framework */; settings = {ATTRIBUTES = (CodeSignOnCopy, RemoveHeadersOnCopy, ); }; };
		48E3D28526C3FF21007D08ED /* UserService.swift in Sources */ = {isa = PBXBuildFile; fileRef = 48E3D28426C3FF21007D08ED /* UserService.swift */; };
		48E3D28726C3FF2A007D08ED /* KeychainService.swift in Sources */ = {isa = PBXBuildFile; fileRef = 48E3D28626C3FF2A007D08ED /* KeychainService.swift */; };
		48E3D2AF26C41C23007D08ED /* OSLog+Extension.swift in Sources */ = {isa = PBXBuildFile; fileRef = 48E3D2AE26C41C23007D08ED /* OSLog+Extension.swift */; };
		48E3D2B126C43F6F007D08ED /* Network.swift in Sources */ = {isa = PBXBuildFile; fileRef = 48E3D2B026C43F6F007D08ED /* Network.swift */; };
		48E3D2B326C440CD007D08ED /* API.swift in Sources */ = {isa = PBXBuildFile; fileRef = 48E3D2B226C440CD007D08ED /* API.swift */; };
		48EB95B826E1DCB4001A2F9C /* ReviewService.swift in Sources */ = {isa = PBXBuildFile; fileRef = 48EB95B726E1DCB4001A2F9C /* ReviewService.swift */; };
		48EE6ACB26F20084008CD9B2 /* TimelineView.swift in Sources */ = {isa = PBXBuildFile; fileRef = 48EE6ACA26F20084008CD9B2 /* TimelineView.swift */; };
		48EE6AD726F32FC6008CD9B2 /* PostWriteView.swift in Sources */ = {isa = PBXBuildFile; fileRef = 48EE6AD426F32FC6008CD9B2 /* PostWriteView.swift */; };
		48EE6AD826F32FC6008CD9B2 /* PostWriteViewController.swift in Sources */ = {isa = PBXBuildFile; fileRef = 48EE6AD526F32FC6008CD9B2 /* PostWriteViewController.swift */; };
		48EE6AD926F32FC6008CD9B2 /* PostWriteViewModel.swift in Sources */ = {isa = PBXBuildFile; fileRef = 48EE6AD626F32FC6008CD9B2 /* PostWriteViewModel.swift */; };
		48F33B2626AC2BBC00A704C7 /* AppDelegate.swift in Sources */ = {isa = PBXBuildFile; fileRef = 48F33B2526AC2BBC00A704C7 /* AppDelegate.swift */; };
		48F33B2826AC2BBC00A704C7 /* SceneDelegate.swift in Sources */ = {isa = PBXBuildFile; fileRef = 48F33B2726AC2BBC00A704C7 /* SceneDelegate.swift */; };
		48F33B2F26AC2BBD00A704C7 /* Assets.xcassets in Resources */ = {isa = PBXBuildFile; fileRef = 48F33B2E26AC2BBD00A704C7 /* Assets.xcassets */; };
		48F33B3226AC2BBD00A704C7 /* LaunchScreen.storyboard in Resources */ = {isa = PBXBuildFile; fileRef = 48F33B3026AC2BBD00A704C7 /* LaunchScreen.storyboard */; };
		48F33B4226AC2DE200A704C7 /* RxGesture in Frameworks */ = {isa = PBXBuildFile; productRef = 48F33B4126AC2DE200A704C7 /* RxGesture */; };
		48F33B5326AC2E1F00A704C7 /* Then in Frameworks */ = {isa = PBXBuildFile; productRef = 48F33B5226AC2E1F00A704C7 /* Then */; };
		48F33B5626AC2E2B00A704C7 /* RxFlow in Frameworks */ = {isa = PBXBuildFile; productRef = 48F33B5526AC2E2B00A704C7 /* RxFlow */; };
		48F33B5926AC2E3D00A704C7 /* ReactorKit in Frameworks */ = {isa = PBXBuildFile; productRef = 48F33B5826AC2E3D00A704C7 /* ReactorKit */; };
		48F33B5C26AC2F5300A704C7 /* ApolloCodegenLib in Frameworks */ = {isa = PBXBuildFile; productRef = 48F33B5B26AC2F5300A704C7 /* ApolloCodegenLib */; };
		48F33B5E26AC2F5300A704C7 /* ApolloSQLite in Frameworks */ = {isa = PBXBuildFile; productRef = 48F33B5D26AC2F5300A704C7 /* ApolloSQLite */; };
		48F33B6026AC2F5300A704C7 /* ApolloUtils in Frameworks */ = {isa = PBXBuildFile; productRef = 48F33B5F26AC2F5300A704C7 /* ApolloUtils */; };
		48F33B6226AC2F5300A704C7 /* Apollo in Frameworks */ = {isa = PBXBuildFile; productRef = 48F33B6126AC2F5300A704C7 /* Apollo */; };
		48F33B6426AC2F5300A704C7 /* ApolloWebSocket in Frameworks */ = {isa = PBXBuildFile; productRef = 48F33B6326AC2F5300A704C7 /* ApolloWebSocket */; };
		48F33B6626AC2F5300A704C7 /* ApolloAPI in Frameworks */ = {isa = PBXBuildFile; productRef = 48F33B6526AC2F5300A704C7 /* ApolloAPI */; };
		48F33B6926AC2F7C00A704C7 /* FlexLayoutYogaKit in Frameworks */ = {isa = PBXBuildFile; productRef = 48F33B6826AC2F7C00A704C7 /* FlexLayoutYogaKit */; };
		48F33B6B26AC2F7C00A704C7 /* FlexLayoutYoga in Frameworks */ = {isa = PBXBuildFile; productRef = 48F33B6A26AC2F7C00A704C7 /* FlexLayoutYoga */; };
		48F33B6D26AC2F7C00A704C7 /* FlexLayout in Frameworks */ = {isa = PBXBuildFile; productRef = 48F33B6C26AC2F7C00A704C7 /* FlexLayout */; };
		48F33B7026AC2F8A00A704C7 /* PinLayout in Frameworks */ = {isa = PBXBuildFile; productRef = 48F33B6F26AC2F8A00A704C7 /* PinLayout */; };
		48F65C5D26AC719C009B15BE /* AppleLoginButton.swift in Sources */ = {isa = PBXBuildFile; fileRef = 48F65C5C26AC719C009B15BE /* AppleLoginButton.swift */; };
		48F65C6626AC747D009B15BE /* LoginFlow.swift in Sources */ = {isa = PBXBuildFile; fileRef = 48F65C6526AC747D009B15BE /* LoginFlow.swift */; };
		48F65C6826AC783D009B15BE /* ReviewPostCell.swift in Sources */ = {isa = PBXBuildFile; fileRef = 48F65C6726AC783D009B15BE /* ReviewPostCell.swift */; };
		48F65C6A26AC8D5A009B15BE /* ImageScrollView.swift in Sources */ = {isa = PBXBuildFile; fileRef = 48F65C6926AC8D5A009B15BE /* ImageScrollView.swift */; };
		48FB5FC326AD90E6008A33DE /* Lottie in Frameworks */ = {isa = PBXBuildFile; productRef = 48FB5FC226AD90E6008A33DE /* Lottie */; };
		48FB5FC526AD90EA008A33DE /* loading.json in Resources */ = {isa = PBXBuildFile; fileRef = 48FB5FC426AD90EA008A33DE /* loading.json */; };
		48FB5FC726AD90FD008A33DE /* LoadingAlert.swift in Sources */ = {isa = PBXBuildFile; fileRef = 48FB5FC626AD90FD008A33DE /* LoadingAlert.swift */; };
		48FE0DE626FB427E0066F834 /* DetailPostView.swift in Sources */ = {isa = PBXBuildFile; fileRef = 48FE0DE326FB427E0066F834 /* DetailPostView.swift */; };
		48FE0DE726FB427E0066F834 /* DetailPostViewController.swift in Sources */ = {isa = PBXBuildFile; fileRef = 48FE0DE426FB427E0066F834 /* DetailPostViewController.swift */; };
		48FE0DE826FB427E0066F834 /* DetailPostViewModel.swift in Sources */ = {isa = PBXBuildFile; fileRef = 48FE0DE526FB427E0066F834 /* DetailPostViewModel.swift */; };
		48FE0DF0270459320066F834 /* SearchView.swift in Sources */ = {isa = PBXBuildFile; fileRef = 48FE0DED270459320066F834 /* SearchView.swift */; };
		48FE0DF1270459320066F834 /* SearchViewController.swift in Sources */ = {isa = PBXBuildFile; fileRef = 48FE0DEE270459320066F834 /* SearchViewController.swift */; };
		48FE0DF2270459320066F834 /* SearchViewModel.swift in Sources */ = {isa = PBXBuildFile; fileRef = 48FE0DEF270459320066F834 /* SearchViewModel.swift */; };
		48FE0DF42706B43F0066F834 /* PlaceService.swift in Sources */ = {isa = PBXBuildFile; fileRef = 48FE0DF32706B43F0066F834 /* PlaceService.swift */; };
		48FF382126C85EB40068B8B3 /* RxApolloClient in Frameworks */ = {isa = PBXBuildFile; productRef = 48FF382026C85EB40068B8B3 /* RxApolloClient */; };
/* End PBXBuildFile section */

/* Begin PBXContainerItemProxy section */
		483C566326C2BDC8000B8E8C /* PBXContainerItemProxy */ = {
			isa = PBXContainerItemProxy;
			containerPortal = 48F33B1A26AC2BBC00A704C7 /* Project object */;
			proxyType = 1;
			remoteGlobalIDString = 48F33B2126AC2BBC00A704C7;
			remoteInfo = Travelog;
		};
/* End PBXContainerItemProxy section */

/* Begin PBXCopyFilesBuildPhase section */
		48C2DB1426BD8A9700877AB5 /* Embed Frameworks */ = {
			isa = PBXCopyFilesBuildPhase;
			buildActionMask = 2147483647;
			dstPath = "";
			dstSubfolderSpec = 10;
			files = (
				48C2DB1326BD8A9600877AB5 /* NaverThirdPartyLogin.framework in Embed Frameworks */,
			);
			name = "Embed Frameworks";
			runOnlyForDeploymentPostprocessing = 0;
		};
/* End PBXCopyFilesBuildPhase section */

/* Begin PBXFileReference section */
		4807044B27171A26008E20CC /* KakaoSDK */ = {isa = PBXFileReference; lastKnownFileType = folder; name = KakaoSDK; path = ../../KakaoSDK; sourceTree = "<group>"; };
		48123D7A26B1A8EE0058CEDF /* SwiftUIPreview.swift */ = {isa = PBXFileReference; fileEncoding = 4; lastKnownFileType = sourcecode.swift; path = SwiftUIPreview.swift; sourceTree = "<group>"; };
		48123D7C26B1A9070058CEDF /* PlaceCell.swift */ = {isa = PBXFileReference; fileEncoding = 4; lastKnownFileType = sourcecode.swift; path = PlaceCell.swift; sourceTree = "<group>"; };
		4819AE2427101AA50073A2C4 /* SearchFlow.swift */ = {isa = PBXFileReference; lastKnownFileType = sourcecode.swift; path = SearchFlow.swift; sourceTree = "<group>"; };
		4819AE272710225E0073A2C4 /* PlaceView.swift */ = {isa = PBXFileReference; lastKnownFileType = sourcecode.swift; path = PlaceView.swift; sourceTree = "<group>"; };
		4819AE282710225E0073A2C4 /* PlaceViewController.swift */ = {isa = PBXFileReference; lastKnownFileType = sourcecode.swift; path = PlaceViewController.swift; sourceTree = "<group>"; };
		4819AE292710225E0073A2C4 /* PlaceViewModel.swift */ = {isa = PBXFileReference; lastKnownFileType = sourcecode.swift; path = PlaceViewModel.swift; sourceTree = "<group>"; };
		4825FEEF26CA4D1A00BD1402 /* UserServiceTests.swift */ = {isa = PBXFileReference; lastKnownFileType = sourcecode.swift; path = UserServiceTests.swift; sourceTree = "<group>"; };
		4825FEF126CA58BC00BD1402 /* UserManagementInterceptor.swift */ = {isa = PBXFileReference; fileEncoding = 4; lastKnownFileType = sourcecode.swift; path = UserManagementInterceptor.swift; sourceTree = "<group>"; };
		4825FEF326CA594F00BD1402 /* UserDefaults+Extension.swift */ = {isa = PBXFileReference; lastKnownFileType = sourcecode.swift; path = "UserDefaults+Extension.swift"; sourceTree = "<group>"; };
		4825FEF526CBB79700BD1402 /* ThirdPartyLoginService.swift */ = {isa = PBXFileReference; lastKnownFileType = sourcecode.swift; path = ThirdPartyLoginService.swift; sourceTree = "<group>"; };
		4825FEF726CBB7F700BD1402 /* ThirdPartyLoginServiceTests.swift */ = {isa = PBXFileReference; lastKnownFileType = sourcecode.swift; path = ThirdPartyLoginServiceTests.swift; sourceTree = "<group>"; };
		482A6FC626AD7267001BF0BD /* CommentCell.swift */ = {isa = PBXFileReference; lastKnownFileType = sourcecode.swift; path = CommentCell.swift; sourceTree = "<group>"; };
		483C565E26C2BDC8000B8E8C /* TravelogUnitTest.xctest */ = {isa = PBXFileReference; explicitFileType = wrapper.cfbundle; includeInIndex = 0; path = TravelogUnitTest.xctest; sourceTree = BUILT_PRODUCTS_DIR; };
		483C566226C2BDC8000B8E8C /* Info.plist */ = {isa = PBXFileReference; lastKnownFileType = text.plist.xml; path = Info.plist; sourceTree = "<group>"; };
		484861DD26F1E2C400861155 /* TimelineViewController.swift */ = {isa = PBXFileReference; lastKnownFileType = sourcecode.swift; path = TimelineViewController.swift; sourceTree = "<group>"; };
		484DB8AD26C9AF71004D5EB6 /* Error+Extension.swift */ = {isa = PBXFileReference; lastKnownFileType = sourcecode.swift; path = "Error+Extension.swift"; sourceTree = "<group>"; };
		484DB8AF26CA097F004D5EB6 /* UserAccount.swift */ = {isa = PBXFileReference; lastKnownFileType = sourcecode.swift; path = UserAccount.swift; sourceTree = "<group>"; };
		484DB8B826CA14DB004D5EB6 /* JWTToken.swift */ = {isa = PBXFileReference; lastKnownFileType = sourcecode.swift; path = JWTToken.swift; sourceTree = "<group>"; };
		484DB8BC26CA3D7A004D5EB6 /* String+Extension.swift */ = {isa = PBXFileReference; lastKnownFileType = sourcecode.swift; path = "String+Extension.swift"; sourceTree = "<group>"; };
		485060C527180915002645AE /* CategorySelectViewController.swift */ = {isa = PBXFileReference; lastKnownFileType = sourcecode.swift; path = CategorySelectViewController.swift; sourceTree = "<group>"; };
		485060C727180942002645AE /* CategorySelectView.swift */ = {isa = PBXFileReference; lastKnownFileType = sourcecode.swift; path = CategorySelectView.swift; sourceTree = "<group>"; };
		485060C927181A8D002645AE /* AreaSelectViewController.swift */ = {isa = PBXFileReference; lastKnownFileType = sourcecode.swift; path = AreaSelectViewController.swift; sourceTree = "<group>"; };
		485060CB27181A92002645AE /* AreaSelectView.swift */ = {isa = PBXFileReference; lastKnownFileType = sourcecode.swift; path = AreaSelectView.swift; sourceTree = "<group>"; };
		485B800126E73DA00078469C /* Tour.swift */ = {isa = PBXFileReference; lastKnownFileType = sourcecode.swift; path = Tour.swift; sourceTree = "<group>"; };
		48609AE126D39C300095C5E7 /* APIPlaceSearchService.swift */ = {isa = PBXFileReference; lastKnownFileType = sourcecode.swift; path = APIPlaceSearchService.swift; sourceTree = "<group>"; };
		48609AE326D39DB20095C5E7 /* Place.swift */ = {isa = PBXFileReference; lastKnownFileType = sourcecode.swift; path = Place.swift; sourceTree = "<group>"; };
		48609AEB26D4FC9D0095C5E7 /* PlaceServiceTests.swift */ = {isa = PBXFileReference; lastKnownFileType = sourcecode.swift; path = PlaceServiceTests.swift; sourceTree = "<group>"; };
		4869D02426C8017E0076C570 /* Constraints.swift */ = {isa = PBXFileReference; lastKnownFileType = sourcecode.swift; path = Constraints.swift; sourceTree = "<group>"; };
		4869D02626C803480076C570 /* Debug.xcconfig */ = {isa = PBXFileReference; fileEncoding = 4; lastKnownFileType = text.xcconfig; path = Debug.xcconfig; sourceTree = SOURCE_ROOT; };
		4869D02926C8064D0076C570 /* SignUpViewController.swift */ = {isa = PBXFileReference; lastKnownFileType = sourcecode.swift; path = SignUpViewController.swift; sourceTree = "<group>"; };
		4869D02A26C8064D0076C570 /* SignUpView.swift */ = {isa = PBXFileReference; lastKnownFileType = sourcecode.swift; path = SignUpView.swift; sourceTree = "<group>"; };
		4869D02B26C8064D0076C570 /* SignUpViewModel.swift */ = {isa = PBXFileReference; lastKnownFileType = sourcecode.swift; path = SignUpViewModel.swift; sourceTree = "<group>"; };
		4869D02F26C808330076C570 /* SignUpTests.swift */ = {isa = PBXFileReference; lastKnownFileType = sourcecode.swift; path = SignUpTests.swift; sourceTree = "<group>"; };
		487CDCC426CE04820092EC63 /* NSLayoutConstraint+Extension.swift */ = {isa = PBXFileReference; fileEncoding = 4; lastKnownFileType = sourcecode.swift; path = "NSLayoutConstraint+Extension.swift"; sourceTree = "<group>"; };
		487CDCC526CE04820092EC63 /* NSObject+Extension.swift */ = {isa = PBXFileReference; fileEncoding = 4; lastKnownFileType = sourcecode.swift; path = "NSObject+Extension.swift"; sourceTree = "<group>"; };
		487CDCC626CE04820092EC63 /* UIColor+Extension.swift */ = {isa = PBXFileReference; fileEncoding = 4; lastKnownFileType = sourcecode.swift; path = "UIColor+Extension.swift"; sourceTree = "<group>"; };
		4891A82126CCFF3D00C3B780 /* LoginViewController.swift */ = {isa = PBXFileReference; lastKnownFileType = sourcecode.swift; path = LoginViewController.swift; sourceTree = "<group>"; };
		4891A82226CCFF3D00C3B780 /* LoginView.swift */ = {isa = PBXFileReference; lastKnownFileType = sourcecode.swift; path = LoginView.swift; sourceTree = "<group>"; };
		4891A82326CCFF3D00C3B780 /* LoginViewModel.swift */ = {isa = PBXFileReference; lastKnownFileType = sourcecode.swift; path = LoginViewModel.swift; sourceTree = "<group>"; };
		4891A82726CD68F500C3B780 /* NaverLogin+Rx.swift */ = {isa = PBXFileReference; lastKnownFileType = sourcecode.swift; path = "NaverLogin+Rx.swift"; sourceTree = "<group>"; };
		4898971C26AC3527000499AC /* AppStepper.swift */ = {isa = PBXFileReference; lastKnownFileType = sourcecode.swift; path = AppStepper.swift; sourceTree = "<group>"; };
		4898971E26AC353F000499AC /* AppSteps.swift */ = {isa = PBXFileReference; lastKnownFileType = sourcecode.swift; path = AppSteps.swift; sourceTree = "<group>"; };
		4898972026AC356F000499AC /* AppFlow.swift */ = {isa = PBXFileReference; lastKnownFileType = sourcecode.swift; path = AppFlow.swift; sourceTree = "<group>"; };
		4898972426AC36DC000499AC /* HomeFlow.swift */ = {isa = PBXFileReference; lastKnownFileType = sourcecode.swift; path = HomeFlow.swift; sourceTree = "<group>"; };
		489FB9D126AC397A00641F21 /* MapFlow.swift */ = {isa = PBXFileReference; lastKnownFileType = sourcecode.swift; path = MapFlow.swift; sourceTree = "<group>"; };
		489FB9D326AC3A4400641F21 /* MapViewController.swift */ = {isa = PBXFileReference; lastKnownFileType = sourcecode.swift; path = MapViewController.swift; sourceTree = "<group>"; };
		489FB9D526AC3A4B00641F21 /* MapViewModel.swift */ = {isa = PBXFileReference; lastKnownFileType = sourcecode.swift; path = MapViewModel.swift; sourceTree = "<group>"; };
		489FB9D926AC3BD400641F21 /* TimelineFlow.swift */ = {isa = PBXFileReference; lastKnownFileType = sourcecode.swift; path = TimelineFlow.swift; sourceTree = "<group>"; };
		489FB9DF26AC3C1500641F21 /* TimelineViewModel.swift */ = {isa = PBXFileReference; lastKnownFileType = sourcecode.swift; path = TimelineViewModel.swift; sourceTree = "<group>"; };
		489FB9E226AC3D0000641F21 /* UserInfoViewController.swift */ = {isa = PBXFileReference; lastKnownFileType = sourcecode.swift; path = UserInfoViewController.swift; sourceTree = "<group>"; };
		489FB9E426AC3D0600641F21 /* UserInfoViewModel.swift */ = {isa = PBXFileReference; lastKnownFileType = sourcecode.swift; path = UserInfoViewModel.swift; sourceTree = "<group>"; };
		489FB9E726AC3DA500641F21 /* UserInfoFlow.swift */ = {isa = PBXFileReference; lastKnownFileType = sourcecode.swift; path = UserInfoFlow.swift; sourceTree = "<group>"; };
		48BC6D0026D90682002AC334 /* Review.swift */ = {isa = PBXFileReference; lastKnownFileType = sourcecode.swift; name = Review.swift; path = Travelog/Review.swift; sourceTree = SOURCE_ROOT; };
		48C2DB0E26BD8A7400877AB5 /* NaverThirdPartyLogin.framework */ = {isa = PBXFileReference; lastKnownFileType = wrapper.framework; name = NaverThirdPartyLogin.framework; path = frameworks/NaverThirdPartyLogin.framework; sourceTree = "<group>"; };
		48D9106A26BABC1B00F6601C /* Travelog.xcodeproj */ = {isa = PBXFileReference; lastKnownFileType = "wrapper.pb-project"; path = Travelog.xcodeproj; sourceTree = "<group>"; };
		48E3D28426C3FF21007D08ED /* UserService.swift */ = {isa = PBXFileReference; fileEncoding = 4; lastKnownFileType = sourcecode.swift; path = UserService.swift; sourceTree = "<group>"; };
		48E3D28626C3FF2A007D08ED /* KeychainService.swift */ = {isa = PBXFileReference; lastKnownFileType = sourcecode.swift; path = KeychainService.swift; sourceTree = "<group>"; };
		48E3D2AE26C41C23007D08ED /* OSLog+Extension.swift */ = {isa = PBXFileReference; lastKnownFileType = sourcecode.swift; path = "OSLog+Extension.swift"; sourceTree = "<group>"; };
		48E3D2B026C43F6F007D08ED /* Network.swift */ = {isa = PBXFileReference; lastKnownFileType = sourcecode.swift; path = Network.swift; sourceTree = "<group>"; };
		48E3D2B226C440CD007D08ED /* API.swift */ = {isa = PBXFileReference; fileEncoding = 4; lastKnownFileType = sourcecode.swift; name = API.swift; path = Travelog/GraphQL/API.swift; sourceTree = SOURCE_ROOT; };
		48EB95B726E1DCB4001A2F9C /* ReviewService.swift */ = {isa = PBXFileReference; lastKnownFileType = sourcecode.swift; path = ReviewService.swift; sourceTree = "<group>"; };
		48EE6ACA26F20084008CD9B2 /* TimelineView.swift */ = {isa = PBXFileReference; lastKnownFileType = sourcecode.swift; path = TimelineView.swift; sourceTree = "<group>"; };
		48EE6AD426F32FC6008CD9B2 /* PostWriteView.swift */ = {isa = PBXFileReference; lastKnownFileType = sourcecode.swift; path = PostWriteView.swift; sourceTree = "<group>"; };
		48EE6AD526F32FC6008CD9B2 /* PostWriteViewController.swift */ = {isa = PBXFileReference; lastKnownFileType = sourcecode.swift; path = PostWriteViewController.swift; sourceTree = "<group>"; };
		48EE6AD626F32FC6008CD9B2 /* PostWriteViewModel.swift */ = {isa = PBXFileReference; lastKnownFileType = sourcecode.swift; path = PostWriteViewModel.swift; sourceTree = "<group>"; };
		48F33B2226AC2BBC00A704C7 /* Travelog.app */ = {isa = PBXFileReference; explicitFileType = wrapper.application; includeInIndex = 0; path = Travelog.app; sourceTree = BUILT_PRODUCTS_DIR; };
		48F33B2526AC2BBC00A704C7 /* AppDelegate.swift */ = {isa = PBXFileReference; lastKnownFileType = sourcecode.swift; path = AppDelegate.swift; sourceTree = "<group>"; };
		48F33B2726AC2BBC00A704C7 /* SceneDelegate.swift */ = {isa = PBXFileReference; lastKnownFileType = sourcecode.swift; path = SceneDelegate.swift; sourceTree = "<group>"; };
		48F33B2E26AC2BBD00A704C7 /* Assets.xcassets */ = {isa = PBXFileReference; lastKnownFileType = folder.assetcatalog; path = Assets.xcassets; sourceTree = "<group>"; };
		48F33B3126AC2BBD00A704C7 /* Base */ = {isa = PBXFileReference; lastKnownFileType = file.storyboard; name = Base; path = Base.lproj/LaunchScreen.storyboard; sourceTree = "<group>"; };
		48F33B3326AC2BBD00A704C7 /* Info.plist */ = {isa = PBXFileReference; lastKnownFileType = text.plist.xml; path = Info.plist; sourceTree = "<group>"; };
		48F65C5C26AC719C009B15BE /* AppleLoginButton.swift */ = {isa = PBXFileReference; fileEncoding = 4; lastKnownFileType = sourcecode.swift; path = AppleLoginButton.swift; sourceTree = "<group>"; };
		48F65C6526AC747D009B15BE /* LoginFlow.swift */ = {isa = PBXFileReference; lastKnownFileType = sourcecode.swift; path = LoginFlow.swift; sourceTree = "<group>"; };
		48F65C6726AC783D009B15BE /* ReviewPostCell.swift */ = {isa = PBXFileReference; lastKnownFileType = sourcecode.swift; path = ReviewPostCell.swift; sourceTree = "<group>"; };
		48F65C6926AC8D5A009B15BE /* ImageScrollView.swift */ = {isa = PBXFileReference; lastKnownFileType = sourcecode.swift; path = ImageScrollView.swift; sourceTree = "<group>"; };
		48FB5FC426AD90EA008A33DE /* loading.json */ = {isa = PBXFileReference; fileEncoding = 4; lastKnownFileType = text.json; path = loading.json; sourceTree = "<group>"; };
		48FB5FC626AD90FD008A33DE /* LoadingAlert.swift */ = {isa = PBXFileReference; lastKnownFileType = sourcecode.swift; path = LoadingAlert.swift; sourceTree = "<group>"; };
		48FE0DE326FB427E0066F834 /* DetailPostView.swift */ = {isa = PBXFileReference; lastKnownFileType = sourcecode.swift; path = DetailPostView.swift; sourceTree = "<group>"; };
		48FE0DE426FB427E0066F834 /* DetailPostViewController.swift */ = {isa = PBXFileReference; lastKnownFileType = sourcecode.swift; path = DetailPostViewController.swift; sourceTree = "<group>"; };
		48FE0DE526FB427E0066F834 /* DetailPostViewModel.swift */ = {isa = PBXFileReference; lastKnownFileType = sourcecode.swift; path = DetailPostViewModel.swift; sourceTree = "<group>"; };
		48FE0DED270459320066F834 /* SearchView.swift */ = {isa = PBXFileReference; lastKnownFileType = sourcecode.swift; path = SearchView.swift; sourceTree = "<group>"; };
		48FE0DEE270459320066F834 /* SearchViewController.swift */ = {isa = PBXFileReference; lastKnownFileType = sourcecode.swift; path = SearchViewController.swift; sourceTree = "<group>"; };
		48FE0DEF270459320066F834 /* SearchViewModel.swift */ = {isa = PBXFileReference; lastKnownFileType = sourcecode.swift; path = SearchViewModel.swift; sourceTree = "<group>"; };
		48FE0DF32706B43F0066F834 /* PlaceService.swift */ = {isa = PBXFileReference; lastKnownFileType = sourcecode.swift; path = PlaceService.swift; sourceTree = "<group>"; };
/* End PBXFileReference section */

/* Begin PBXFrameworksBuildPhase section */
		483C565B26C2BDC8000B8E8C /* Frameworks */ = {
			isa = PBXFrameworksBuildPhase;
			buildActionMask = 2147483647;
			files = (
				4869D03526C828B40076C570 /* RxTest in Frameworks */,
				4869D03B26C828B40076C570 /* RxBlocking in Frameworks */,
			);
			runOnlyForDeploymentPostprocessing = 0;
		};
		48F33B1F26AC2BBC00A704C7 /* Frameworks */ = {
			isa = PBXFrameworksBuildPhase;
			buildActionMask = 2147483647;
			files = (
				4807046E27171CF9008E20CC /* RxKakaoSDKUser in Frameworks */,
				48F33B5626AC2E2B00A704C7 /* RxFlow in Frameworks */,
				4807046C27171CF9008E20CC /* RxKakaoSDKCommon in Frameworks */,
				48F33B5E26AC2F5300A704C7 /* ApolloSQLite in Frameworks */,
				4869D03926C828B40076C570 /* RxCocoa in Frameworks */,
				4807046A27171CF9008E20CC /* RxKakaoSDKAuth in Frameworks */,
				4869D03326C828B40076C570 /* RxSwift in Frameworks */,
				4807046727171B5D008E20CC /* KakaoSDKUser in Frameworks */,
				48F33B6626AC2F5300A704C7 /* ApolloAPI in Frameworks */,
				48F33B7026AC2F8A00A704C7 /* PinLayout in Frameworks */,
				48F33B6026AC2F5300A704C7 /* ApolloUtils in Frameworks */,
				48F33B6926AC2F7C00A704C7 /* FlexLayoutYogaKit in Frameworks */,
				48F33B5326AC2E1F00A704C7 /* Then in Frameworks */,
				48FF382126C85EB40068B8B3 /* RxApolloClient in Frameworks */,
				48F33B6B26AC2F7C00A704C7 /* FlexLayoutYoga in Frameworks */,
				4869D03726C828B40076C570 /* RxRelay in Frameworks */,
				4807046527171B5D008E20CC /* KakaoSDKCommon in Frameworks */,
				48F33B6D26AC2F7C00A704C7 /* FlexLayout in Frameworks */,
				48C2DB1226BD8A9600877AB5 /* NaverThirdPartyLogin.framework in Frameworks */,
				4807046327171B5D008E20CC /* KakaoSDKAuth in Frameworks */,
				48F33B6426AC2F5300A704C7 /* ApolloWebSocket in Frameworks */,
				48F33B5926AC2E3D00A704C7 /* ReactorKit in Frameworks */,
				48F33B6226AC2F5300A704C7 /* Apollo in Frameworks */,
				48F33B5C26AC2F5300A704C7 /* ApolloCodegenLib in Frameworks */,
				48F33B4226AC2DE200A704C7 /* RxGesture in Frameworks */,
				48FB5FC326AD90E6008A33DE /* Lottie in Frameworks */,
			);
			runOnlyForDeploymentPostprocessing = 0;
		};
/* End PBXFrameworksBuildPhase section */

/* Begin PBXGroup section */
		4807044A27171A26008E20CC /* Packages */ = {
			isa = PBXGroup;
			children = (
				4807044B27171A26008E20CC /* KakaoSDK */,
			);
			name = Packages;
			sourceTree = "<group>";
		};
		4819AE262710224C0073A2C4 /* PlaceScene */ = {
			isa = PBXGroup;
			children = (
				4819AE272710225E0073A2C4 /* PlaceView.swift */,
				4819AE282710225E0073A2C4 /* PlaceViewController.swift */,
				4819AE292710225E0073A2C4 /* PlaceViewModel.swift */,
			);
			path = PlaceScene;
			sourceTree = "<group>";
		};
		483C565F26C2BDC8000B8E8C /* TravelogUnitTest */ = {
			isa = PBXGroup;
			children = (
				483C566226C2BDC8000B8E8C /* Info.plist */,
				4869D02F26C808330076C570 /* SignUpTests.swift */,
				4825FEEF26CA4D1A00BD1402 /* UserServiceTests.swift */,
				4825FEF726CBB7F700BD1402 /* ThirdPartyLoginServiceTests.swift */,
				48609AEB26D4FC9D0095C5E7 /* PlaceServiceTests.swift */,
			);
			path = TravelogUnitTest;
			sourceTree = "<group>";
		};
		484DB8B126CA0D89004D5EB6 /* Model */ = {
			isa = PBXGroup;
			children = (
				484DB8AF26CA097F004D5EB6 /* UserAccount.swift */,
				48609AE326D39DB20095C5E7 /* Place.swift */,
				48BC6D0026D90682002AC334 /* Review.swift */,
				485B800126E73DA00078469C /* Tour.swift */,
				484DB8B826CA14DB004D5EB6 /* JWTToken.swift */,
			);
			path = Model;
			sourceTree = "<group>";
		};
		484DB8B226CA0F07004D5EB6 /* Extensions */ = {
			isa = PBXGroup;
			children = (
				487CDCC426CE04820092EC63 /* NSLayoutConstraint+Extension.swift */,
				487CDCC526CE04820092EC63 /* NSObject+Extension.swift */,
				487CDCC626CE04820092EC63 /* UIColor+Extension.swift */,
				484DB8AD26C9AF71004D5EB6 /* Error+Extension.swift */,
				48E3D2AE26C41C23007D08ED /* OSLog+Extension.swift */,
				484DB8BC26CA3D7A004D5EB6 /* String+Extension.swift */,
				4825FEF326CA594F00BD1402 /* UserDefaults+Extension.swift */,
			);
			path = Extensions;
			sourceTree = "<group>";
		};
		484DB8B326CA0F10004D5EB6 /* Services */ = {
			isa = PBXGroup;
			children = (
				48E3D28426C3FF21007D08ED /* UserService.swift */,
				48E3D28626C3FF2A007D08ED /* KeychainService.swift */,
				4825FEF526CBB79700BD1402 /* ThirdPartyLoginService.swift */,
				48609AE126D39C300095C5E7 /* APIPlaceSearchService.swift */,
				48EB95B726E1DCB4001A2F9C /* ReviewService.swift */,
				48FE0DF32706B43F0066F834 /* PlaceService.swift */,
			);
			path = Services;
			sourceTree = "<group>";
		};
		4869D02826C806410076C570 /* SignUpScene */ = {
			isa = PBXGroup;
			children = (
				4869D02926C8064D0076C570 /* SignUpViewController.swift */,
				4869D02A26C8064D0076C570 /* SignUpView.swift */,
				4869D02B26C8064D0076C570 /* SignUpViewModel.swift */,
			);
			path = SignUpScene;
			sourceTree = "<group>";
		};
		489FB9D026AC394D00641F21 /* Flows */ = {
			isa = PBXGroup;
			children = (
				4898971E26AC353F000499AC /* AppSteps.swift */,
				4898971C26AC3527000499AC /* AppStepper.swift */,
				4898972026AC356F000499AC /* AppFlow.swift */,
				48F65C6526AC747D009B15BE /* LoginFlow.swift */,
				4898972426AC36DC000499AC /* HomeFlow.swift */,
				489FB9D926AC3BD400641F21 /* TimelineFlow.swift */,
				489FB9D126AC397A00641F21 /* MapFlow.swift */,
				489FB9E726AC3DA500641F21 /* UserInfoFlow.swift */,
				4819AE2427101AA50073A2C4 /* SearchFlow.swift */,
			);
			path = Flows;
			sourceTree = "<group>";
		};
		489FB9D726AC3AB100641F21 /* MapScene */ = {
			isa = PBXGroup;
			children = (
				489FB9D326AC3A4400641F21 /* MapViewController.swift */,
				489FB9D526AC3A4B00641F21 /* MapViewModel.swift */,
			);
			path = MapScene;
			sourceTree = "<group>";
		};
		489FB9D826AC3AB600641F21 /* Scenes */ = {
			isa = PBXGroup;
			children = (
				4819AE262710224C0073A2C4 /* PlaceScene */,
				48FE0DEC270459250066F834 /* SearchScene */,
				48FE0DE226FB42700066F834 /* DetailPost */,
				48EE6AD326F32FB5008CD9B2 /* PostWrite */,
				4869D02826C806410076C570 /* SignUpScene */,
				489FB9E626AC3D0900641F21 /* UserInfoScene */,
				489FB9E126AC3C4E00641F21 /* TimelineScene */,
				489FB9D726AC3AB100641F21 /* MapScene */,
				489FB9F026AC42EB00641F21 /* LoginScene */,
				485060C527180915002645AE /* CategorySelectViewController.swift */,
				485060C727180942002645AE /* CategorySelectView.swift */,
				485060C927181A8D002645AE /* AreaSelectViewController.swift */,
				485060CB27181A92002645AE /* AreaSelectView.swift */,
			);
			path = Scenes;
			sourceTree = "<group>";
		};
		489FB9E126AC3C4E00641F21 /* TimelineScene */ = {
			isa = PBXGroup;
			children = (
				48F65C6726AC783D009B15BE /* ReviewPostCell.swift */,
				489FB9DF26AC3C1500641F21 /* TimelineViewModel.swift */,
				484861DD26F1E2C400861155 /* TimelineViewController.swift */,
				48EE6ACA26F20084008CD9B2 /* TimelineView.swift */,
			);
			path = TimelineScene;
			sourceTree = "<group>";
		};
		489FB9E626AC3D0900641F21 /* UserInfoScene */ = {
			isa = PBXGroup;
			children = (
				489FB9E226AC3D0000641F21 /* UserInfoViewController.swift */,
				489FB9E426AC3D0600641F21 /* UserInfoViewModel.swift */,
			);
			path = UserInfoScene;
			sourceTree = "<group>";
		};
		489FB9F026AC42EB00641F21 /* LoginScene */ = {
			isa = PBXGroup;
			children = (
				4891A82126CCFF3D00C3B780 /* LoginViewController.swift */,
				4891A82226CCFF3D00C3B780 /* LoginView.swift */,
				4891A82326CCFF3D00C3B780 /* LoginViewModel.swift */,
			);
			path = LoginScene;
			sourceTree = "<group>";
		};
		48D9106926BABC1B00F6601C /* Frameworks */ = {
			isa = PBXGroup;
			children = (
				48C2DB0E26BD8A7400877AB5 /* NaverThirdPartyLogin.framework */,
				48D9106A26BABC1B00F6601C /* Travelog.xcodeproj */,
			);
			name = Frameworks;
			sourceTree = "<group>";
		};
		48D9106B26BABC1B00F6601C /* Products */ = {
			isa = PBXGroup;
			name = Products;
			sourceTree = "<group>";
		};
		48EE6AD326F32FB5008CD9B2 /* PostWrite */ = {
			isa = PBXGroup;
			children = (
				48EE6AD426F32FC6008CD9B2 /* PostWriteView.swift */,
				48EE6AD526F32FC6008CD9B2 /* PostWriteViewController.swift */,
				48EE6AD626F32FC6008CD9B2 /* PostWriteViewModel.swift */,
			);
			path = PostWrite;
			sourceTree = "<group>";
		};
		48F33B1926AC2BBC00A704C7 = {
			isa = PBXGroup;
			children = (
				4807044A27171A26008E20CC /* Packages */,
				48F33B2426AC2BBC00A704C7 /* Travelog */,
				483C565F26C2BDC8000B8E8C /* TravelogUnitTest */,
				48F33B2326AC2BBC00A704C7 /* Products */,
				48D9106926BABC1B00F6601C /* Frameworks */,
			);
			sourceTree = "<group>";
		};
		48F33B2326AC2BBC00A704C7 /* Products */ = {
			isa = PBXGroup;
			children = (
				48F33B2226AC2BBC00A704C7 /* Travelog.app */,
				483C565E26C2BDC8000B8E8C /* TravelogUnitTest.xctest */,
			);
			name = Products;
			sourceTree = "<group>";
		};
		48F33B2426AC2BBC00A704C7 /* Travelog */ = {
			isa = PBXGroup;
			children = (
				489FB9D826AC3AB600641F21 /* Scenes */,
				489FB9D026AC394D00641F21 /* Flows */,
				48F65C6426AC71FA009B15BE /* Utils */,
				484DB8B126CA0D89004D5EB6 /* Model */,
				48F65C5B26AC716B009B15BE /* Common */,
				48F33B2526AC2BBC00A704C7 /* AppDelegate.swift */,
				48F33B2726AC2BBC00A704C7 /* SceneDelegate.swift */,
				4869D02626C803480076C570 /* Debug.xcconfig */,
				48F33B2E26AC2BBD00A704C7 /* Assets.xcassets */,
				48F33B3026AC2BBD00A704C7 /* LaunchScreen.storyboard */,
				48F33B3326AC2BBD00A704C7 /* Info.plist */,
				48FB5FC426AD90EA008A33DE /* loading.json */,
			);
			path = Travelog;
			sourceTree = "<group>";
		};
		48F65C5B26AC716B009B15BE /* Common */ = {
			isa = PBXGroup;
			children = (
				48F65C5C26AC719C009B15BE /* AppleLoginButton.swift */,
				48F65C6926AC8D5A009B15BE /* ImageScrollView.swift */,
				48123D7C26B1A9070058CEDF /* PlaceCell.swift */,
				48FB5FC626AD90FD008A33DE /* LoadingAlert.swift */,
				482A6FC626AD7267001BF0BD /* CommentCell.swift */,
			);
			path = Common;
			sourceTree = "<group>";
		};
		48F65C6426AC71FA009B15BE /* Utils */ = {
			isa = PBXGroup;
			children = (
				484DB8B226CA0F07004D5EB6 /* Extensions */,
				484DB8B326CA0F10004D5EB6 /* Services */,
				48E3D2B226C440CD007D08ED /* API.swift */,
				48E3D2B026C43F6F007D08ED /* Network.swift */,
				4891A82726CD68F500C3B780 /* NaverLogin+Rx.swift */,
				4825FEF126CA58BC00BD1402 /* UserManagementInterceptor.swift */,
				4869D02426C8017E0076C570 /* Constraints.swift */,
				48123D7A26B1A8EE0058CEDF /* SwiftUIPreview.swift */,
			);
			path = Utils;
			sourceTree = "<group>";
		};
		48FE0DE226FB42700066F834 /* DetailPost */ = {
			isa = PBXGroup;
			children = (
				48FE0DE326FB427E0066F834 /* DetailPostView.swift */,
				48FE0DE426FB427E0066F834 /* DetailPostViewController.swift */,
				48FE0DE526FB427E0066F834 /* DetailPostViewModel.swift */,
			);
			path = DetailPost;
			sourceTree = "<group>";
		};
		48FE0DEC270459250066F834 /* SearchScene */ = {
			isa = PBXGroup;
			children = (
				48FE0DED270459320066F834 /* SearchView.swift */,
				48FE0DEE270459320066F834 /* SearchViewController.swift */,
				48FE0DEF270459320066F834 /* SearchViewModel.swift */,
			);
			path = SearchScene;
			sourceTree = "<group>";
		};
/* End PBXGroup section */

/* Begin PBXNativeTarget section */
		483C565D26C2BDC8000B8E8C /* TravelogUnitTest */ = {
			isa = PBXNativeTarget;
			buildConfigurationList = 483C566726C2BDC8000B8E8C /* Build configuration list for PBXNativeTarget "TravelogUnitTest" */;
			buildPhases = (
				483C565A26C2BDC8000B8E8C /* Sources */,
				483C565B26C2BDC8000B8E8C /* Frameworks */,
				483C565C26C2BDC8000B8E8C /* Resources */,
			);
			buildRules = (
			);
			dependencies = (
				483C566426C2BDC8000B8E8C /* PBXTargetDependency */,
			);
			name = TravelogUnitTest;
			packageProductDependencies = (
				4869D03426C828B40076C570 /* RxTest */,
				4869D03A26C828B40076C570 /* RxBlocking */,
			);
			productName = TravelogUnitTest;
			productReference = 483C565E26C2BDC8000B8E8C /* TravelogUnitTest.xctest */;
			productType = "com.apple.product-type.bundle.unit-test";
		};
		48F33B2126AC2BBC00A704C7 /* Travelog */ = {
			isa = PBXNativeTarget;
			buildConfigurationList = 48F33B3626AC2BBD00A704C7 /* Build configuration list for PBXNativeTarget "Travelog" */;
			buildPhases = (
				489FB9E926AC40BF00641F21 /* Lint & Formatting */,
				48F33B1E26AC2BBC00A704C7 /* Sources */,
				48F33B1F26AC2BBC00A704C7 /* Frameworks */,
				48F33B2026AC2BBC00A704C7 /* Resources */,
				48C2DB1426BD8A9700877AB5 /* Embed Frameworks */,
			);
			buildRules = (
			);
			dependencies = (
			);
			name = Travelog;
			packageProductDependencies = (
				48F33B4126AC2DE200A704C7 /* RxGesture */,
				48F33B5226AC2E1F00A704C7 /* Then */,
				48F33B5526AC2E2B00A704C7 /* RxFlow */,
				48F33B5826AC2E3D00A704C7 /* ReactorKit */,
				48F33B5B26AC2F5300A704C7 /* ApolloCodegenLib */,
				48F33B5D26AC2F5300A704C7 /* ApolloSQLite */,
				48F33B5F26AC2F5300A704C7 /* ApolloUtils */,
				48F33B6126AC2F5300A704C7 /* Apollo */,
				48F33B6326AC2F5300A704C7 /* ApolloWebSocket */,
				48F33B6526AC2F5300A704C7 /* ApolloAPI */,
				48F33B6826AC2F7C00A704C7 /* FlexLayoutYogaKit */,
				48F33B6A26AC2F7C00A704C7 /* FlexLayoutYoga */,
				48F33B6C26AC2F7C00A704C7 /* FlexLayout */,
				48F33B6F26AC2F8A00A704C7 /* PinLayout */,
				4869D03226C828B40076C570 /* RxSwift */,
				4869D03626C828B40076C570 /* RxRelay */,
				4869D03826C828B40076C570 /* RxCocoa */,
				48FF382026C85EB40068B8B3 /* RxApolloClient */,
				48FB5FC226AD90E6008A33DE /* Lottie */,
				4807046227171B5D008E20CC /* KakaoSDKAuth */,
				4807046427171B5D008E20CC /* KakaoSDKCommon */,
				4807046627171B5D008E20CC /* KakaoSDKUser */,
				4807046927171CF9008E20CC /* RxKakaoSDKAuth */,
				4807046B27171CF9008E20CC /* RxKakaoSDKCommon */,
				4807046D27171CF9008E20CC /* RxKakaoSDKUser */,
			);
			productName = Travelog;
			productReference = 48F33B2226AC2BBC00A704C7 /* Travelog.app */;
			productType = "com.apple.product-type.application";
		};
/* End PBXNativeTarget section */

/* Begin PBXProject section */
		48F33B1A26AC2BBC00A704C7 /* Project object */ = {
			isa = PBXProject;
			attributes = {
				LastSwiftUpdateCheck = 1250;
				LastUpgradeCheck = 1250;
				TargetAttributes = {
					483C565D26C2BDC8000B8E8C = {
						CreatedOnToolsVersion = 12.5.1;
						LastSwiftMigration = 1250;
						TestTargetID = 48F33B2126AC2BBC00A704C7;
					};
					48F33B2126AC2BBC00A704C7 = {
						CreatedOnToolsVersion = 12.5.1;
					};
				};
			};
			buildConfigurationList = 48F33B1D26AC2BBC00A704C7 /* Build configuration list for PBXProject "Travelog" */;
			compatibilityVersion = "Xcode 9.3";
			developmentRegion = en;
			hasScannedForEncodings = 0;
			knownRegions = (
				en,
				Base,
			);
			mainGroup = 48F33B1926AC2BBC00A704C7;
			packageReferences = (
				48F33B4026AC2DE200A704C7 /* XCRemoteSwiftPackageReference "RxGesture" */,
				48F33B5126AC2E1F00A704C7 /* XCRemoteSwiftPackageReference "Then" */,
				48F33B5426AC2E2B00A704C7 /* XCRemoteSwiftPackageReference "RxFlow" */,
				48F33B5726AC2E3D00A704C7 /* XCRemoteSwiftPackageReference "ReactorKit" */,
				48F33B5A26AC2F5300A704C7 /* XCRemoteSwiftPackageReference "apollo-ios" */,
				48F33B6726AC2F7C00A704C7 /* XCRemoteSwiftPackageReference "FlexLayout" */,
				48F33B6E26AC2F8900A704C7 /* XCRemoteSwiftPackageReference "PinLayout" */,
				4869D03126C828B40076C570 /* XCRemoteSwiftPackageReference "RxSwift" */,
				48FF381F26C85EB30068B8B3 /* XCRemoteSwiftPackageReference "RxApolloClient" */,
				48FB5FC126AD90E6008A33DE /* XCRemoteSwiftPackageReference "lottie-ios" */,
				4807046127171B5D008E20CC /* XCRemoteSwiftPackageReference "KakaoSDK" */,
				4807046827171CF9008E20CC /* XCRemoteSwiftPackageReference "RxKakaoSDK" */,
			);
			productRefGroup = 48F33B2326AC2BBC00A704C7 /* Products */;
			projectDirPath = "";
			projectReferences = (
				{
					ProductGroup = 48D9106B26BABC1B00F6601C /* Products */;
					ProjectRef = 48D9106A26BABC1B00F6601C /* Travelog.xcodeproj */;
				},
			);
			projectRoot = "";
			targets = (
				48F33B2126AC2BBC00A704C7 /* Travelog */,
				483C565D26C2BDC8000B8E8C /* TravelogUnitTest */,
			);
		};
/* End PBXProject section */

/* Begin PBXResourcesBuildPhase section */
		483C565C26C2BDC8000B8E8C /* Resources */ = {
			isa = PBXResourcesBuildPhase;
			buildActionMask = 2147483647;
			files = (
			);
			runOnlyForDeploymentPostprocessing = 0;
		};
		48F33B2026AC2BBC00A704C7 /* Resources */ = {
			isa = PBXResourcesBuildPhase;
			buildActionMask = 2147483647;
			files = (
				48F33B3226AC2BBD00A704C7 /* LaunchScreen.storyboard in Resources */,
				48F33B2F26AC2BBD00A704C7 /* Assets.xcassets in Resources */,
				4869D02726C803480076C570 /* Debug.xcconfig in Resources */,
				48FB5FC526AD90EA008A33DE /* loading.json in Resources */,
			);
			runOnlyForDeploymentPostprocessing = 0;
		};
/* End PBXResourcesBuildPhase section */

/* Begin PBXShellScriptBuildPhase section */
		489FB9E926AC40BF00641F21 /* Lint & Formatting */ = {
			isa = PBXShellScriptBuildPhase;
			buildActionMask = 2147483647;
			files = (
			);
			inputFileListPaths = (
			);
			inputPaths = (
			);
			name = "Lint & Formatting";
			outputFileListPaths = (
			);
			outputPaths = (
			);
			runOnlyForDeploymentPostprocessing = 0;
			shellPath = /bin/sh;
			shellScript = "if which swiftformat >/dev/null; then\n   swiftformat .\nelse\n  echo \"warning: SwiftFormat not installed, download from https://github.com/nicklockwood/SwiftFormat\"\nfi\n\nif which swiftlint >/dev/null; then\n  swiftlint --fix\nelse\n  echo \"warning: SwiftLint not installed, download from https://github.com/realm/SwiftLint\"\nfi\n\n";
		};
/* End PBXShellScriptBuildPhase section */

/* Begin PBXSourcesBuildPhase section */
		483C565A26C2BDC8000B8E8C /* Sources */ = {
			isa = PBXSourcesBuildPhase;
			buildActionMask = 2147483647;
			files = (
				4825FEF026CA4D1A00BD1402 /* UserServiceTests.swift in Sources */,
				4825FEF826CBB7F700BD1402 /* ThirdPartyLoginServiceTests.swift in Sources */,
				4869D03026C808330076C570 /* SignUpTests.swift in Sources */,
				48609AEC26D4FC9D0095C5E7 /* PlaceServiceTests.swift in Sources */,
			);
			runOnlyForDeploymentPostprocessing = 0;
		};
		48F33B1E26AC2BBC00A704C7 /* Sources */ = {
			isa = PBXSourcesBuildPhase;
			buildActionMask = 2147483647;
			files = (
				4819AE2527101AA50073A2C4 /* SearchFlow.swift in Sources */,
				4869D02C26C8064D0076C570 /* SignUpViewController.swift in Sources */,
				48609AE226D39C300095C5E7 /* APIPlaceSearchService.swift in Sources */,
				4825FEF426CA594F00BD1402 /* UserDefaults+Extension.swift in Sources */,
				48123D7B26B1A8EE0058CEDF /* SwiftUIPreview.swift in Sources */,
				48123D7D26B1A9070058CEDF /* PlaceCell.swift in Sources */,
				489FB9E826AC3DA500641F21 /* UserInfoFlow.swift in Sources */,
				48EE6AD826F32FC6008CD9B2 /* PostWriteViewController.swift in Sources */,
				4819AE2B2710225E0073A2C4 /* PlaceViewController.swift in Sources */,
				489FB9D626AC3A4B00641F21 /* MapViewModel.swift in Sources */,
				4869D02526C8017E0076C570 /* Constraints.swift in Sources */,
				4898972126AC356F000499AC /* AppFlow.swift in Sources */,
				485060CA27181A8D002645AE /* AreaSelectViewController.swift in Sources */,
				484861DF26F1E2C400861155 /* TimelineViewController.swift in Sources */,
				48F65C6626AC747D009B15BE /* LoginFlow.swift in Sources */,
				4898972526AC36DC000499AC /* HomeFlow.swift in Sources */,
				48F33B2626AC2BBC00A704C7 /* AppDelegate.swift in Sources */,
				485060C827180942002645AE /* CategorySelectView.swift in Sources */,
				489FB9E526AC3D0600641F21 /* UserInfoViewModel.swift in Sources */,
				48EE6AD926F32FC6008CD9B2 /* PostWriteViewModel.swift in Sources */,
				489FB9D426AC3A4400641F21 /* MapViewController.swift in Sources */,
				48FE0DF2270459320066F834 /* SearchViewModel.swift in Sources */,
				4869D02D26C8064D0076C570 /* SignUpView.swift in Sources */,
				48E3D2AF26C41C23007D08ED /* OSLog+Extension.swift in Sources */,
				48F33B2826AC2BBC00A704C7 /* SceneDelegate.swift in Sources */,
				482A6FC726AD7267001BF0BD /* CommentCell.swift in Sources */,
				487CDCC926CE04820092EC63 /* UIColor+Extension.swift in Sources */,
				48FB5FC726AD90FD008A33DE /* LoadingAlert.swift in Sources */,
				48FE0DE726FB427E0066F834 /* DetailPostViewController.swift in Sources */,
				489FB9DA26AC3BD400641F21 /* TimelineFlow.swift in Sources */,
				4898971D26AC3527000499AC /* AppStepper.swift in Sources */,
				487CDCC826CE04820092EC63 /* NSObject+Extension.swift in Sources */,
				4891A82626CCFF3D00C3B780 /* LoginViewModel.swift in Sources */,
				484DB8B026CA097F004D5EB6 /* UserAccount.swift in Sources */,
				48FE0DE826FB427E0066F834 /* DetailPostViewModel.swift in Sources */,
				48FE0DF1270459320066F834 /* SearchViewController.swift in Sources */,
				48EE6AD726F32FC6008CD9B2 /* PostWriteView.swift in Sources */,
				4825FEF226CA58BC00BD1402 /* UserManagementInterceptor.swift in Sources */,
				489FB9D226AC397A00641F21 /* MapFlow.swift in Sources */,
				48609AE426D39DB20095C5E7 /* Place.swift in Sources */,
				489FB9E326AC3D0000641F21 /* UserInfoViewController.swift in Sources */,
				48FE0DF0270459320066F834 /* SearchView.swift in Sources */,
				487CDCC726CE04820092EC63 /* NSLayoutConstraint+Extension.swift in Sources */,
				485B800226E73DA00078469C /* Tour.swift in Sources */,
				484DB8AE26C9AF71004D5EB6 /* Error+Extension.swift in Sources */,
				4819AE2A2710225E0073A2C4 /* PlaceView.swift in Sources */,
				4825FEF626CBB79700BD1402 /* ThirdPartyLoginService.swift in Sources */,
				484DB8B926CA14DB004D5EB6 /* JWTToken.swift in Sources */,
				4891A82826CD68F500C3B780 /* NaverLogin+Rx.swift in Sources */,
				48E3D28526C3FF21007D08ED /* UserService.swift in Sources */,
				4891A82426CCFF3D00C3B780 /* LoginViewController.swift in Sources */,
				485060CC27181A92002645AE /* AreaSelectView.swift in Sources */,
				48E3D2B126C43F6F007D08ED /* Network.swift in Sources */,
				48EB95B826E1DCB4001A2F9C /* ReviewService.swift in Sources */,
				48FE0DE626FB427E0066F834 /* DetailPostView.swift in Sources */,
				48F65C6826AC783D009B15BE /* ReviewPostCell.swift in Sources */,
				48E3D2B326C440CD007D08ED /* API.swift in Sources */,
				4869D02E26C8064D0076C570 /* SignUpViewModel.swift in Sources */,
				485060C627180915002645AE /* CategorySelectViewController.swift in Sources */,
				48E3D28726C3FF2A007D08ED /* KeychainService.swift in Sources */,
				4898971F26AC353F000499AC /* AppSteps.swift in Sources */,
				48F65C6A26AC8D5A009B15BE /* ImageScrollView.swift in Sources */,
				4819AE2C2710225E0073A2C4 /* PlaceViewModel.swift in Sources */,
				48BC6D0126D90682002AC334 /* Review.swift in Sources */,
				48F65C5D26AC719C009B15BE /* AppleLoginButton.swift in Sources */,
				489FB9E026AC3C1500641F21 /* TimelineViewModel.swift in Sources */,
				4891A82526CCFF3D00C3B780 /* LoginView.swift in Sources */,
				48FE0DF42706B43F0066F834 /* PlaceService.swift in Sources */,
				484DB8BD26CA3D7A004D5EB6 /* String+Extension.swift in Sources */,
				48EE6ACB26F20084008CD9B2 /* TimelineView.swift in Sources */,
			);
			runOnlyForDeploymentPostprocessing = 0;
		};
/* End PBXSourcesBuildPhase section */

/* Begin PBXTargetDependency section */
		483C566426C2BDC8000B8E8C /* PBXTargetDependency */ = {
			isa = PBXTargetDependency;
			target = 48F33B2126AC2BBC00A704C7 /* Travelog */;
			targetProxy = 483C566326C2BDC8000B8E8C /* PBXContainerItemProxy */;
		};
/* End PBXTargetDependency section */

/* Begin PBXVariantGroup section */
		48F33B3026AC2BBD00A704C7 /* LaunchScreen.storyboard */ = {
			isa = PBXVariantGroup;
			children = (
				48F33B3126AC2BBD00A704C7 /* Base */,
			);
			name = LaunchScreen.storyboard;
			sourceTree = "<group>";
		};
/* End PBXVariantGroup section */

/* Begin XCBuildConfiguration section */
		483C566526C2BDC8000B8E8C /* Debug */ = {
			isa = XCBuildConfiguration;
			buildSettings = {
				BUNDLE_LOADER = "$(TEST_HOST)";
				CLANG_ENABLE_MODULES = YES;
				"CODE_SIGN_IDENTITY[sdk=macosx*]" = "Apple Development";
				CODE_SIGN_STYLE = Automatic;
				DEVELOPMENT_TEAM = 78X32W2D44;
				GCC_PREPROCESSOR_DEFINITIONS = (
					"DEBUG=1",
					"$(inherited)",
					"FLEXLAYOUT_SWIFT_PACKAGE=1",
				);
				INFOPLIST_FILE = TravelogUnitTest/Info.plist;
				IPHONEOS_DEPLOYMENT_TARGET = 14.5;
				LD_RUNPATH_SEARCH_PATHS = (
					"$(inherited)",
					"@executable_path/Frameworks",
					"@loader_path/Frameworks",
				);
				PRODUCT_BUNDLE_IDENTIFIER = test.org.kimkyumin123.TravelogUnitTest;
				PRODUCT_NAME = "$(TARGET_NAME)";
				SWIFT_OPTIMIZATION_LEVEL = "-Onone";
				SWIFT_VERSION = 5.0;
				TARGETED_DEVICE_FAMILY = "1,2";
				TEST_HOST = "$(BUILT_PRODUCTS_DIR)/Travelog.app/Travelog";
			};
			name = Debug;
		};
		483C566626C2BDC8000B8E8C /* Release */ = {
			isa = XCBuildConfiguration;
			buildSettings = {
				BUNDLE_LOADER = "$(TEST_HOST)";
				CLANG_ENABLE_MODULES = YES;
				"CODE_SIGN_IDENTITY[sdk=macosx*]" = "Apple Development";
				CODE_SIGN_STYLE = Automatic;
				DEVELOPMENT_TEAM = 78X32W2D44;
				INFOPLIST_FILE = TravelogUnitTest/Info.plist;
				IPHONEOS_DEPLOYMENT_TARGET = 14.5;
				LD_RUNPATH_SEARCH_PATHS = (
					"$(inherited)",
					"@executable_path/Frameworks",
					"@loader_path/Frameworks",
				);
				PRODUCT_BUNDLE_IDENTIFIER = test.org.kimkyumin123.TravelogUnitTest;
				PRODUCT_NAME = "$(TARGET_NAME)";
				SWIFT_VERSION = 5.0;
				TARGETED_DEVICE_FAMILY = "1,2";
				TEST_HOST = "$(BUILT_PRODUCTS_DIR)/Travelog.app/Travelog";
			};
			name = Release;
		};
		48F33B3426AC2BBD00A704C7 /* Debug */ = {
			isa = XCBuildConfiguration;
			baseConfigurationReference = 4869D02626C803480076C570 /* Debug.xcconfig */;
			buildSettings = {
				ALWAYS_SEARCH_USER_PATHS = NO;
				CLANG_ANALYZER_NONNULL = YES;
				CLANG_ANALYZER_NUMBER_OBJECT_CONVERSION = YES_AGGRESSIVE;
				CLANG_CXX_LANGUAGE_STANDARD = "gnu++14";
				CLANG_CXX_LIBRARY = "libc++";
				CLANG_ENABLE_MODULES = YES;
				CLANG_ENABLE_OBJC_ARC = YES;
				CLANG_ENABLE_OBJC_WEAK = YES;
				CLANG_WARN_BLOCK_CAPTURE_AUTORELEASING = YES;
				CLANG_WARN_BOOL_CONVERSION = YES;
				CLANG_WARN_COMMA = YES;
				CLANG_WARN_CONSTANT_CONVERSION = YES;
				CLANG_WARN_DEPRECATED_OBJC_IMPLEMENTATIONS = YES;
				CLANG_WARN_DIRECT_OBJC_ISA_USAGE = YES_ERROR;
				CLANG_WARN_DOCUMENTATION_COMMENTS = YES;
				CLANG_WARN_EMPTY_BODY = YES;
				CLANG_WARN_ENUM_CONVERSION = YES;
				CLANG_WARN_INFINITE_RECURSION = YES;
				CLANG_WARN_INT_CONVERSION = YES;
				CLANG_WARN_NON_LITERAL_NULL_CONVERSION = YES;
				CLANG_WARN_OBJC_IMPLICIT_RETAIN_SELF = YES;
				CLANG_WARN_OBJC_LITERAL_CONVERSION = YES;
				CLANG_WARN_OBJC_ROOT_CLASS = YES_ERROR;
				CLANG_WARN_QUOTED_INCLUDE_IN_FRAMEWORK_HEADER = YES;
				CLANG_WARN_RANGE_LOOP_ANALYSIS = YES;
				CLANG_WARN_STRICT_PROTOTYPES = YES;
				CLANG_WARN_SUSPICIOUS_MOVE = YES;
				CLANG_WARN_UNGUARDED_AVAILABILITY = YES_AGGRESSIVE;
				CLANG_WARN_UNREACHABLE_CODE = YES;
				CLANG_WARN__DUPLICATE_METHOD_MATCH = YES;
				COPY_PHASE_STRIP = NO;
				DEBUG_INFORMATION_FORMAT = dwarf;
				ENABLE_STRICT_OBJC_MSGSEND = YES;
				ENABLE_TESTABILITY = YES;
				GCC_C_LANGUAGE_STANDARD = gnu11;
				GCC_DYNAMIC_NO_PIC = NO;
				GCC_NO_COMMON_BLOCKS = YES;
				GCC_OPTIMIZATION_LEVEL = 0;
				GCC_PREPROCESSOR_DEFINITIONS = (
					"DEBUG=1",
					"$(inherited)",
				);
				GCC_WARN_64_TO_32_BIT_CONVERSION = YES;
				GCC_WARN_ABOUT_RETURN_TYPE = YES_ERROR;
				GCC_WARN_UNDECLARED_SELECTOR = YES;
				GCC_WARN_UNINITIALIZED_AUTOS = YES_AGGRESSIVE;
				GCC_WARN_UNUSED_FUNCTION = YES;
				GCC_WARN_UNUSED_VARIABLE = YES;
				IPHONEOS_DEPLOYMENT_TARGET = 13.0;
				MTL_ENABLE_DEBUG_INFO = INCLUDE_SOURCE;
				MTL_FAST_MATH = YES;
				ONLY_ACTIVE_ARCH = YES;
				SDKROOT = iphoneos;
				SWIFT_ACTIVE_COMPILATION_CONDITIONS = DEBUG;
				SWIFT_OPTIMIZATION_LEVEL = "-Onone";
			};
			name = Debug;
		};
		48F33B3526AC2BBD00A704C7 /* Release */ = {
			isa = XCBuildConfiguration;
			buildSettings = {
				ALWAYS_SEARCH_USER_PATHS = NO;
				CLANG_ANALYZER_NONNULL = YES;
				CLANG_ANALYZER_NUMBER_OBJECT_CONVERSION = YES_AGGRESSIVE;
				CLANG_CXX_LANGUAGE_STANDARD = "gnu++14";
				CLANG_CXX_LIBRARY = "libc++";
				CLANG_ENABLE_MODULES = YES;
				CLANG_ENABLE_OBJC_ARC = YES;
				CLANG_ENABLE_OBJC_WEAK = YES;
				CLANG_WARN_BLOCK_CAPTURE_AUTORELEASING = YES;
				CLANG_WARN_BOOL_CONVERSION = YES;
				CLANG_WARN_COMMA = YES;
				CLANG_WARN_CONSTANT_CONVERSION = YES;
				CLANG_WARN_DEPRECATED_OBJC_IMPLEMENTATIONS = YES;
				CLANG_WARN_DIRECT_OBJC_ISA_USAGE = YES_ERROR;
				CLANG_WARN_DOCUMENTATION_COMMENTS = YES;
				CLANG_WARN_EMPTY_BODY = YES;
				CLANG_WARN_ENUM_CONVERSION = YES;
				CLANG_WARN_INFINITE_RECURSION = YES;
				CLANG_WARN_INT_CONVERSION = YES;
				CLANG_WARN_NON_LITERAL_NULL_CONVERSION = YES;
				CLANG_WARN_OBJC_IMPLICIT_RETAIN_SELF = YES;
				CLANG_WARN_OBJC_LITERAL_CONVERSION = YES;
				CLANG_WARN_OBJC_ROOT_CLASS = YES_ERROR;
				CLANG_WARN_QUOTED_INCLUDE_IN_FRAMEWORK_HEADER = YES;
				CLANG_WARN_RANGE_LOOP_ANALYSIS = YES;
				CLANG_WARN_STRICT_PROTOTYPES = YES;
				CLANG_WARN_SUSPICIOUS_MOVE = YES;
				CLANG_WARN_UNGUARDED_AVAILABILITY = YES_AGGRESSIVE;
				CLANG_WARN_UNREACHABLE_CODE = YES;
				CLANG_WARN__DUPLICATE_METHOD_MATCH = YES;
				COPY_PHASE_STRIP = NO;
				DEBUG_INFORMATION_FORMAT = "dwarf-with-dsym";
				ENABLE_NS_ASSERTIONS = NO;
				ENABLE_STRICT_OBJC_MSGSEND = YES;
				GCC_C_LANGUAGE_STANDARD = gnu11;
				GCC_NO_COMMON_BLOCKS = YES;
				GCC_WARN_64_TO_32_BIT_CONVERSION = YES;
				GCC_WARN_ABOUT_RETURN_TYPE = YES_ERROR;
				GCC_WARN_UNDECLARED_SELECTOR = YES;
				GCC_WARN_UNINITIALIZED_AUTOS = YES_AGGRESSIVE;
				GCC_WARN_UNUSED_FUNCTION = YES;
				GCC_WARN_UNUSED_VARIABLE = YES;
				IPHONEOS_DEPLOYMENT_TARGET = 13.0;
				MTL_ENABLE_DEBUG_INFO = NO;
				MTL_FAST_MATH = YES;
				SDKROOT = iphoneos;
				SWIFT_COMPILATION_MODE = wholemodule;
				SWIFT_OPTIMIZATION_LEVEL = "-O";
				VALIDATE_PRODUCT = YES;
			};
			name = Release;
		};
		48F33B3726AC2BBD00A704C7 /* Debug */ = {
			isa = XCBuildConfiguration;
			buildSettings = {
				ASSETCATALOG_COMPILER_APPICON_NAME = AppIcon;
				ASSETCATALOG_COMPILER_GLOBAL_ACCENT_COLOR_NAME = AccentColor;
				CODE_SIGN_STYLE = Automatic;
				DEVELOPMENT_TEAM = 78X32W2D44;
				FRAMEWORK_SEARCH_PATHS = (
					"$(inherited)",
					"$(PROJECT_DIR)/frameworks/naveridlogin-sdk-ios",
					"$(PROJECT_DIR)/frameworks",
				);
				GCC_PREPROCESSOR_DEFINITIONS = (
					"DEBUG=1",
					"$(inherited)",
					"FLEXLAYOUT_SWIFT_PACKAGE=1",
				);
				INFOPLIST_FILE = Travelog/Info.plist;
				LD_RUNPATH_SEARCH_PATHS = (
					"$(inherited)",
					"@executable_path/Frameworks",
				);
				MARKETING_VERSION = 0.1;
				PRODUCT_BUNDLE_IDENTIFIER = org.kimkyumin123.TraveLog;
				PRODUCT_NAME = "$(TARGET_NAME)";
				SWIFT_VERSION = 5.0;
				TARGETED_DEVICE_FAMILY = 1;
				VALIDATE_WORKSPACE = YES;
			};
			name = Debug;
		};
		48F33B3826AC2BBD00A704C7 /* Release */ = {
			isa = XCBuildConfiguration;
			buildSettings = {
				ASSETCATALOG_COMPILER_APPICON_NAME = AppIcon;
				ASSETCATALOG_COMPILER_GLOBAL_ACCENT_COLOR_NAME = AccentColor;
				CODE_SIGN_STYLE = Automatic;
				DEVELOPMENT_TEAM = 78X32W2D44;
				FRAMEWORK_SEARCH_PATHS = (
					"$(inherited)",
					"$(PROJECT_DIR)/frameworks/naveridlogin-sdk-ios",
					"$(PROJECT_DIR)/frameworks",
				);
				GCC_PREPROCESSOR_DEFINITIONS = "FLEXLAYOUT_SWIFT_PACKAGE=1";
				INFOPLIST_FILE = Travelog/Info.plist;
				LD_RUNPATH_SEARCH_PATHS = (
					"$(inherited)",
					"@executable_path/Frameworks",
				);
				MARKETING_VERSION = 0.1;
				PRODUCT_BUNDLE_IDENTIFIER = org.kimkyumin123.TraveLog;
				PRODUCT_NAME = "$(TARGET_NAME)";
				SWIFT_VERSION = 5.0;
				TARGETED_DEVICE_FAMILY = 1;
				VALIDATE_WORKSPACE = YES;
			};
			name = Release;
		};
/* End XCBuildConfiguration section */

/* Begin XCConfigurationList section */
		483C566726C2BDC8000B8E8C /* Build configuration list for PBXNativeTarget "TravelogUnitTest" */ = {
			isa = XCConfigurationList;
			buildConfigurations = (
				483C566526C2BDC8000B8E8C /* Debug */,
				483C566626C2BDC8000B8E8C /* Release */,
			);
			defaultConfigurationIsVisible = 0;
			defaultConfigurationName = Release;
		};
		48F33B1D26AC2BBC00A704C7 /* Build configuration list for PBXProject "Travelog" */ = {
			isa = XCConfigurationList;
			buildConfigurations = (
				48F33B3426AC2BBD00A704C7 /* Debug */,
				48F33B3526AC2BBD00A704C7 /* Release */,
			);
			defaultConfigurationIsVisible = 0;
			defaultConfigurationName = Release;
		};
		48F33B3626AC2BBD00A704C7 /* Build configuration list for PBXNativeTarget "Travelog" */ = {
			isa = XCConfigurationList;
			buildConfigurations = (
				48F33B3726AC2BBD00A704C7 /* Debug */,
				48F33B3826AC2BBD00A704C7 /* Release */,
			);
			defaultConfigurationIsVisible = 0;
			defaultConfigurationName = Release;
		};
/* End XCConfigurationList section */

/* Begin XCRemoteSwiftPackageReference section */
		4807046127171B5D008E20CC /* XCRemoteSwiftPackageReference "KakaoSDK" */ = {
			isa = XCRemoteSwiftPackageReference;
			repositoryURL = "https://github.com/elppaaa/KakaoSDK";
			requirement = {
				kind = exactVersion;
				version = 2.8.1;
			};
		};
		4807046827171CF9008E20CC /* XCRemoteSwiftPackageReference "RxKakaoSDK" */ = {
			isa = XCRemoteSwiftPackageReference;
			repositoryURL = "https://github.com/elppaaa/RxKakaoSDK.git";
			requirement = {
				kind = exactVersion;
				version = 2.8.1;
			};
		};
		4869D03126C828B40076C570 /* XCRemoteSwiftPackageReference "RxSwift" */ = {
			isa = XCRemoteSwiftPackageReference;
			repositoryURL = "https://github.com/ReactiveX/RxSwift";
			requirement = {
				kind = upToNextMajorVersion;
				minimumVersion = 6.2.0;
			};
		};
		48F33B4026AC2DE200A704C7 /* XCRemoteSwiftPackageReference "RxGesture" */ = {
			isa = XCRemoteSwiftPackageReference;
			repositoryURL = "https://github.com/RxSwiftCommunity/RxGesture";
			requirement = {
				kind = upToNextMajorVersion;
				minimumVersion = 4.0.2;
			};
		};
		48F33B5126AC2E1F00A704C7 /* XCRemoteSwiftPackageReference "Then" */ = {
			isa = XCRemoteSwiftPackageReference;
			repositoryURL = "https://github.com/devxoul/Then";
			requirement = {
				kind = upToNextMajorVersion;
				minimumVersion = 2.7.0;
			};
		};
		48F33B5426AC2E2B00A704C7 /* XCRemoteSwiftPackageReference "RxFlow" */ = {
			isa = XCRemoteSwiftPackageReference;
			repositoryURL = "https://github.com/RxSwiftCommunity/RxFlow";
			requirement = {
				kind = upToNextMajorVersion;
				minimumVersion = 2.12.2;
			};
		};
		48F33B5726AC2E3D00A704C7 /* XCRemoteSwiftPackageReference "ReactorKit" */ = {
			isa = XCRemoteSwiftPackageReference;
			repositoryURL = "https://github.com/ReactorKit/ReactorKit";
			requirement = {
				kind = upToNextMajorVersion;
				minimumVersion = 3.0.0;
			};
		};
		48F33B5A26AC2F5300A704C7 /* XCRemoteSwiftPackageReference "apollo-ios" */ = {
			isa = XCRemoteSwiftPackageReference;
			repositoryURL = "https://github.com/apollographql/apollo-ios";
			requirement = {
				kind = upToNextMajorVersion;
				minimumVersion = 0.49.0;
			};
		};
		48F33B6726AC2F7C00A704C7 /* XCRemoteSwiftPackageReference "FlexLayout" */ = {
			isa = XCRemoteSwiftPackageReference;
			repositoryURL = "https://github.com/layoutBox/FlexLayout";
			requirement = {
				kind = upToNextMajorVersion;
				minimumVersion = 1.3.21;
			};
		};
		48F33B6E26AC2F8900A704C7 /* XCRemoteSwiftPackageReference "PinLayout" */ = {
			isa = XCRemoteSwiftPackageReference;
			repositoryURL = "https://github.com/layoutBox/PinLayout";
			requirement = {
				kind = upToNextMajorVersion;
				minimumVersion = 1.10.0;
			};
		};
		48FB5FC126AD90E6008A33DE /* XCRemoteSwiftPackageReference "lottie-ios" */ = {
			isa = XCRemoteSwiftPackageReference;
			repositoryURL = "https://github.com/airbnb/lottie-ios.git";
			requirement = {
				kind = upToNextMajorVersion;
				minimumVersion = 3.2.3;
			};
		};
		48FF381F26C85EB30068B8B3 /* XCRemoteSwiftPackageReference "RxApolloClient" */ = {
			isa = XCRemoteSwiftPackageReference;
			repositoryURL = "https://github.com/OhKanghoon/RxApolloClient.git";
			requirement = {
				kind = upToNextMajorVersion;
				minimumVersion = 1.5.0;
			};
		};
/* End XCRemoteSwiftPackageReference section */

/* Begin XCSwiftPackageProductDependency section */
		4807046227171B5D008E20CC /* KakaoSDKAuth */ = {
			isa = XCSwiftPackageProductDependency;
			package = 4807046127171B5D008E20CC /* XCRemoteSwiftPackageReference "KakaoSDK" */;
			productName = KakaoSDKAuth;
		};
		4807046427171B5D008E20CC /* KakaoSDKCommon */ = {
			isa = XCSwiftPackageProductDependency;
			package = 4807046127171B5D008E20CC /* XCRemoteSwiftPackageReference "KakaoSDK" */;
			productName = KakaoSDKCommon;
		};
		4807046627171B5D008E20CC /* KakaoSDKUser */ = {
			isa = XCSwiftPackageProductDependency;
			package = 4807046127171B5D008E20CC /* XCRemoteSwiftPackageReference "KakaoSDK" */;
			productName = KakaoSDKUser;
		};
		4807046927171CF9008E20CC /* RxKakaoSDKAuth */ = {
			isa = XCSwiftPackageProductDependency;
			package = 4807046827171CF9008E20CC /* XCRemoteSwiftPackageReference "RxKakaoSDK" */;
			productName = RxKakaoSDKAuth;
		};
		4807046B27171CF9008E20CC /* RxKakaoSDKCommon */ = {
			isa = XCSwiftPackageProductDependency;
			package = 4807046827171CF9008E20CC /* XCRemoteSwiftPackageReference "RxKakaoSDK" */;
			productName = RxKakaoSDKCommon;
		};
		4807046D27171CF9008E20CC /* RxKakaoSDKUser */ = {
			isa = XCSwiftPackageProductDependency;
			package = 4807046827171CF9008E20CC /* XCRemoteSwiftPackageReference "RxKakaoSDK" */;
			productName = RxKakaoSDKUser;
		};
		4869D03226C828B40076C570 /* RxSwift */ = {
			isa = XCSwiftPackageProductDependency;
			package = 4869D03126C828B40076C570 /* XCRemoteSwiftPackageReference "RxSwift" */;
			productName = RxSwift;
		};
		4869D03426C828B40076C570 /* RxTest */ = {
			isa = XCSwiftPackageProductDependency;
			package = 4869D03126C828B40076C570 /* XCRemoteSwiftPackageReference "RxSwift" */;
			productName = RxTest;
		};
		4869D03626C828B40076C570 /* RxRelay */ = {
			isa = XCSwiftPackageProductDependency;
			package = 4869D03126C828B40076C570 /* XCRemoteSwiftPackageReference "RxSwift" */;
			productName = RxRelay;
		};
		4869D03826C828B40076C570 /* RxCocoa */ = {
			isa = XCSwiftPackageProductDependency;
			package = 4869D03126C828B40076C570 /* XCRemoteSwiftPackageReference "RxSwift" */;
			productName = RxCocoa;
		};
		4869D03A26C828B40076C570 /* RxBlocking */ = {
			isa = XCSwiftPackageProductDependency;
			package = 4869D03126C828B40076C570 /* XCRemoteSwiftPackageReference "RxSwift" */;
			productName = RxBlocking;
		};
		48F33B4126AC2DE200A704C7 /* RxGesture */ = {
			isa = XCSwiftPackageProductDependency;
			package = 48F33B4026AC2DE200A704C7 /* XCRemoteSwiftPackageReference "RxGesture" */;
			productName = RxGesture;
		};
		48F33B5226AC2E1F00A704C7 /* Then */ = {
			isa = XCSwiftPackageProductDependency;
			package = 48F33B5126AC2E1F00A704C7 /* XCRemoteSwiftPackageReference "Then" */;
			productName = Then;
		};
		48F33B5526AC2E2B00A704C7 /* RxFlow */ = {
			isa = XCSwiftPackageProductDependency;
			package = 48F33B5426AC2E2B00A704C7 /* XCRemoteSwiftPackageReference "RxFlow" */;
			productName = RxFlow;
		};
		48F33B5826AC2E3D00A704C7 /* ReactorKit */ = {
			isa = XCSwiftPackageProductDependency;
			package = 48F33B5726AC2E3D00A704C7 /* XCRemoteSwiftPackageReference "ReactorKit" */;
			productName = ReactorKit;
		};
		48F33B5B26AC2F5300A704C7 /* ApolloCodegenLib */ = {
			isa = XCSwiftPackageProductDependency;
			package = 48F33B5A26AC2F5300A704C7 /* XCRemoteSwiftPackageReference "apollo-ios" */;
			productName = ApolloCodegenLib;
		};
		48F33B5D26AC2F5300A704C7 /* ApolloSQLite */ = {
			isa = XCSwiftPackageProductDependency;
			package = 48F33B5A26AC2F5300A704C7 /* XCRemoteSwiftPackageReference "apollo-ios" */;
			productName = ApolloSQLite;
		};
		48F33B5F26AC2F5300A704C7 /* ApolloUtils */ = {
			isa = XCSwiftPackageProductDependency;
			package = 48F33B5A26AC2F5300A704C7 /* XCRemoteSwiftPackageReference "apollo-ios" */;
			productName = ApolloUtils;
		};
		48F33B6126AC2F5300A704C7 /* Apollo */ = {
			isa = XCSwiftPackageProductDependency;
			package = 48F33B5A26AC2F5300A704C7 /* XCRemoteSwiftPackageReference "apollo-ios" */;
			productName = Apollo;
		};
		48F33B6326AC2F5300A704C7 /* ApolloWebSocket */ = {
			isa = XCSwiftPackageProductDependency;
			package = 48F33B5A26AC2F5300A704C7 /* XCRemoteSwiftPackageReference "apollo-ios" */;
			productName = ApolloWebSocket;
		};
		48F33B6526AC2F5300A704C7 /* ApolloAPI */ = {
			isa = XCSwiftPackageProductDependency;
			package = 48F33B5A26AC2F5300A704C7 /* XCRemoteSwiftPackageReference "apollo-ios" */;
			productName = ApolloAPI;
		};
		48F33B6826AC2F7C00A704C7 /* FlexLayoutYogaKit */ = {
			isa = XCSwiftPackageProductDependency;
			package = 48F33B6726AC2F7C00A704C7 /* XCRemoteSwiftPackageReference "FlexLayout" */;
			productName = FlexLayoutYogaKit;
		};
		48F33B6A26AC2F7C00A704C7 /* FlexLayoutYoga */ = {
			isa = XCSwiftPackageProductDependency;
			package = 48F33B6726AC2F7C00A704C7 /* XCRemoteSwiftPackageReference "FlexLayout" */;
			productName = FlexLayoutYoga;
		};
		48F33B6C26AC2F7C00A704C7 /* FlexLayout */ = {
			isa = XCSwiftPackageProductDependency;
			package = 48F33B6726AC2F7C00A704C7 /* XCRemoteSwiftPackageReference "FlexLayout" */;
			productName = FlexLayout;
		};
		48F33B6F26AC2F8A00A704C7 /* PinLayout */ = {
			isa = XCSwiftPackageProductDependency;
			package = 48F33B6E26AC2F8900A704C7 /* XCRemoteSwiftPackageReference "PinLayout" */;
			productName = PinLayout;
		};
		48FB5FC226AD90E6008A33DE /* Lottie */ = {
			isa = XCSwiftPackageProductDependency;
			package = 48FB5FC126AD90E6008A33DE /* XCRemoteSwiftPackageReference "lottie-ios" */;
			productName = Lottie;
		};
		48FF382026C85EB40068B8B3 /* RxApolloClient */ = {
			isa = XCSwiftPackageProductDependency;
			package = 48FF381F26C85EB30068B8B3 /* XCRemoteSwiftPackageReference "RxApolloClient" */;
			productName = RxApolloClient;
		};
/* End XCSwiftPackageProductDependency section */
	};
	rootObject = 48F33B1A26AC2BBC00A704C7 /* Project object */;
}
