// !$*UTF8*$!
{
	archiveVersion = 1;
	classes = {
	};
	objectVersion = 52;
	objects = {

/* Begin PBXBuildFile section */
		4898971026AC31EA000499AC /* KakaoSDKUser in Frameworks */ = {isa = PBXBuildFile; productRef = 4898970F26AC31EA000499AC /* KakaoSDKUser */; };
		4898971226AC31EA000499AC /* KakaoSDKAuth in Frameworks */ = {isa = PBXBuildFile; productRef = 4898971126AC31EA000499AC /* KakaoSDKAuth */; };
		4898971426AC31EA000499AC /* KakaoSDKCommon in Frameworks */ = {isa = PBXBuildFile; productRef = 4898971326AC31EA000499AC /* KakaoSDKCommon */; };
		4898971726AC3495000499AC /* RxKakaoSDKUser in Frameworks */ = {isa = PBXBuildFile; productRef = 4898971626AC3495000499AC /* RxKakaoSDKUser */; };
		4898971926AC3495000499AC /* RxKakaoSDKCommon in Frameworks */ = {isa = PBXBuildFile; productRef = 4898971826AC3495000499AC /* RxKakaoSDKCommon */; };
		4898971B26AC3495000499AC /* RxKakaoSDKAuth in Frameworks */ = {isa = PBXBuildFile; productRef = 4898971A26AC3495000499AC /* RxKakaoSDKAuth */; };
		4898971D26AC3527000499AC /* AppStepper.swift in Sources */ = {isa = PBXBuildFile; fileRef = 4898971C26AC3527000499AC /* AppStepper.swift */; };
		4898971F26AC353F000499AC /* AppSteps.swift in Sources */ = {isa = PBXBuildFile; fileRef = 4898971E26AC353F000499AC /* AppSteps.swift */; };
		4898972126AC356F000499AC /* AppFlow.swift in Sources */ = {isa = PBXBuildFile; fileRef = 4898972026AC356F000499AC /* AppFlow.swift */; };
		4898972526AC36DC000499AC /* HomeFlow.swift in Sources */ = {isa = PBXBuildFile; fileRef = 4898972426AC36DC000499AC /* HomeFlow.swift */; };
		489FB9D226AC397A00641F21 /* MapFlow.swift in Sources */ = {isa = PBXBuildFile; fileRef = 489FB9D126AC397A00641F21 /* MapFlow.swift */; };
		489FB9D426AC3A4400641F21 /* MapViewController.swift in Sources */ = {isa = PBXBuildFile; fileRef = 489FB9D326AC3A4400641F21 /* MapViewController.swift */; };
		489FB9D626AC3A4B00641F21 /* MapViewModel.swift in Sources */ = {isa = PBXBuildFile; fileRef = 489FB9D526AC3A4B00641F21 /* MapViewModel.swift */; };
		489FB9DA26AC3BD400641F21 /* TimelineFlow.swift in Sources */ = {isa = PBXBuildFile; fileRef = 489FB9D926AC3BD400641F21 /* TimelineFlow.swift */; };
		489FB9DE26AC3C0200641F21 /* FeedViewController.swift in Sources */ = {isa = PBXBuildFile; fileRef = 489FB9DD26AC3C0200641F21 /* FeedViewController.swift */; };
		489FB9E026AC3C1500641F21 /* TimelineViewModel.swift in Sources */ = {isa = PBXBuildFile; fileRef = 489FB9DF26AC3C1500641F21 /* TimelineViewModel.swift */; };
		489FB9E326AC3D0000641F21 /* UserInfoViewController.swift in Sources */ = {isa = PBXBuildFile; fileRef = 489FB9E226AC3D0000641F21 /* UserInfoViewController.swift */; };
		489FB9E526AC3D0600641F21 /* UserInfoViewModel.swift in Sources */ = {isa = PBXBuildFile; fileRef = 489FB9E426AC3D0600641F21 /* UserInfoViewModel.swift */; };
		489FB9E826AC3DA500641F21 /* UserInfoFlow.swift in Sources */ = {isa = PBXBuildFile; fileRef = 489FB9E726AC3DA500641F21 /* UserInfoFlow.swift */; };
		48F33B2626AC2BBC00A704C7 /* AppDelegate.swift in Sources */ = {isa = PBXBuildFile; fileRef = 48F33B2526AC2BBC00A704C7 /* AppDelegate.swift */; };
		48F33B2826AC2BBC00A704C7 /* SceneDelegate.swift in Sources */ = {isa = PBXBuildFile; fileRef = 48F33B2726AC2BBC00A704C7 /* SceneDelegate.swift */; };
		48F33B2A26AC2BBC00A704C7 /* ViewController.swift in Sources */ = {isa = PBXBuildFile; fileRef = 48F33B2926AC2BBC00A704C7 /* ViewController.swift */; };
		48F33B2F26AC2BBD00A704C7 /* Assets.xcassets in Resources */ = {isa = PBXBuildFile; fileRef = 48F33B2E26AC2BBD00A704C7 /* Assets.xcassets */; };
		48F33B3226AC2BBD00A704C7 /* LaunchScreen.storyboard in Resources */ = {isa = PBXBuildFile; fileRef = 48F33B3026AC2BBD00A704C7 /* LaunchScreen.storyboard */; };
		48F33B4226AC2DE200A704C7 /* RxGesture in Frameworks */ = {isa = PBXBuildFile; productRef = 48F33B4126AC2DE200A704C7 /* RxGesture */; };
		48F33B5326AC2E1F00A704C7 /* Then in Frameworks */ = {isa = PBXBuildFile; productRef = 48F33B5226AC2E1F00A704C7 /* Then */; };
		48F33B5626AC2E2B00A704C7 /* RxFlow in Frameworks */ = {isa = PBXBuildFile; productRef = 48F33B5526AC2E2B00A704C7 /* RxFlow */; };
		48F33B5926AC2E3D00A704C7 /* ReactorKit in Frameworks */ = {isa = PBXBuildFile; productRef = 48F33B5826AC2E3D00A704C7 /* ReactorKit */; };
		48F33B5C26AC2F5300A704C7 /* ApolloCodegenLib in Frameworks */ = {isa = PBXBuildFile; productRef = 48F33B5B26AC2F5300A704C7 /* ApolloCodegenLib */; };
		48F33B5E26AC2F5300A704C7 /* ApolloSQLite in Frameworks */ = {isa = PBXBuildFile; productRef = 48F33B5D26AC2F5300A704C7 /* ApolloSQLite */; };
		48F33B6026AC2F5300A704C7 /* ApolloUtils in Frameworks */ = {isa = PBXBuildFile; productRef = 48F33B5F26AC2F5300A704C7 /* ApolloUtils */; };
		48F33B6226AC2F5300A704C7 /* Apollo in Frameworks */ = {isa = PBXBuildFile; productRef = 48F33B6126AC2F5300A704C7 /* Apollo */; };
		48F33B6426AC2F5300A704C7 /* ApolloWebSocket in Frameworks */ = {isa = PBXBuildFile; productRef = 48F33B6326AC2F5300A704C7 /* ApolloWebSocket */; };
		48F33B6626AC2F5300A704C7 /* ApolloAPI in Frameworks */ = {isa = PBXBuildFile; productRef = 48F33B6526AC2F5300A704C7 /* ApolloAPI */; };
		48F33B6926AC2F7C00A704C7 /* FlexLayoutYogaKit in Frameworks */ = {isa = PBXBuildFile; productRef = 48F33B6826AC2F7C00A704C7 /* FlexLayoutYogaKit */; };
		48F33B6B26AC2F7C00A704C7 /* FlexLayoutYoga in Frameworks */ = {isa = PBXBuildFile; productRef = 48F33B6A26AC2F7C00A704C7 /* FlexLayoutYoga */; };
		48F33B6D26AC2F7C00A704C7 /* FlexLayout in Frameworks */ = {isa = PBXBuildFile; productRef = 48F33B6C26AC2F7C00A704C7 /* FlexLayout */; };
		48F33B7026AC2F8A00A704C7 /* PinLayout in Frameworks */ = {isa = PBXBuildFile; productRef = 48F33B6F26AC2F8A00A704C7 /* PinLayout */; };
		48F33B7A26AC30A300A704C7 /* RxSwift in Frameworks */ = {isa = PBXBuildFile; productRef = 48F33B7926AC30A300A704C7 /* RxSwift */; };
		48F33B7C26AC30A300A704C7 /* RxCocoa in Frameworks */ = {isa = PBXBuildFile; productRef = 48F33B7B26AC30A300A704C7 /* RxCocoa */; };
		48F33B7E26AC30A300A704C7 /* RxRelay in Frameworks */ = {isa = PBXBuildFile; productRef = 48F33B7D26AC30A300A704C7 /* RxRelay */; };
/* End PBXBuildFile section */

/* Begin PBXFileReference section */
		4898971C26AC3527000499AC /* AppStepper.swift */ = {isa = PBXFileReference; lastKnownFileType = sourcecode.swift; path = AppStepper.swift; sourceTree = "<group>"; };
		4898971E26AC353F000499AC /* AppSteps.swift */ = {isa = PBXFileReference; lastKnownFileType = sourcecode.swift; path = AppSteps.swift; sourceTree = "<group>"; };
		4898972026AC356F000499AC /* AppFlow.swift */ = {isa = PBXFileReference; lastKnownFileType = sourcecode.swift; path = AppFlow.swift; sourceTree = "<group>"; };
		4898972426AC36DC000499AC /* HomeFlow.swift */ = {isa = PBXFileReference; lastKnownFileType = sourcecode.swift; path = HomeFlow.swift; sourceTree = "<group>"; };
		489FB9D126AC397A00641F21 /* MapFlow.swift */ = {isa = PBXFileReference; lastKnownFileType = sourcecode.swift; path = MapFlow.swift; sourceTree = "<group>"; };
		489FB9D326AC3A4400641F21 /* MapViewController.swift */ = {isa = PBXFileReference; lastKnownFileType = sourcecode.swift; path = MapViewController.swift; sourceTree = "<group>"; };
		489FB9D526AC3A4B00641F21 /* MapViewModel.swift */ = {isa = PBXFileReference; lastKnownFileType = sourcecode.swift; path = MapViewModel.swift; sourceTree = "<group>"; };
		489FB9D926AC3BD400641F21 /* TimelineFlow.swift */ = {isa = PBXFileReference; lastKnownFileType = sourcecode.swift; path = TimelineFlow.swift; sourceTree = "<group>"; };
		489FB9DD26AC3C0200641F21 /* FeedViewController.swift */ = {isa = PBXFileReference; lastKnownFileType = sourcecode.swift; path = FeedViewController.swift; sourceTree = "<group>"; };
		489FB9DF26AC3C1500641F21 /* TimelineViewModel.swift */ = {isa = PBXFileReference; lastKnownFileType = sourcecode.swift; path = TimelineViewModel.swift; sourceTree = "<group>"; };
		489FB9E226AC3D0000641F21 /* UserInfoViewController.swift */ = {isa = PBXFileReference; lastKnownFileType = sourcecode.swift; path = UserInfoViewController.swift; sourceTree = "<group>"; };
		489FB9E426AC3D0600641F21 /* UserInfoViewModel.swift */ = {isa = PBXFileReference; lastKnownFileType = sourcecode.swift; path = UserInfoViewModel.swift; sourceTree = "<group>"; };
		489FB9E726AC3DA500641F21 /* UserInfoFlow.swift */ = {isa = PBXFileReference; lastKnownFileType = sourcecode.swift; path = UserInfoFlow.swift; sourceTree = "<group>"; };
		48F33B2226AC2BBC00A704C7 /* Travelog.app */ = {isa = PBXFileReference; explicitFileType = wrapper.application; includeInIndex = 0; path = Travelog.app; sourceTree = BUILT_PRODUCTS_DIR; };
		48F33B2526AC2BBC00A704C7 /* AppDelegate.swift */ = {isa = PBXFileReference; lastKnownFileType = sourcecode.swift; path = AppDelegate.swift; sourceTree = "<group>"; };
		48F33B2726AC2BBC00A704C7 /* SceneDelegate.swift */ = {isa = PBXFileReference; lastKnownFileType = sourcecode.swift; path = SceneDelegate.swift; sourceTree = "<group>"; };
		48F33B2926AC2BBC00A704C7 /* ViewController.swift */ = {isa = PBXFileReference; lastKnownFileType = sourcecode.swift; path = ViewController.swift; sourceTree = "<group>"; };
		48F33B2E26AC2BBD00A704C7 /* Assets.xcassets */ = {isa = PBXFileReference; lastKnownFileType = folder.assetcatalog; path = Assets.xcassets; sourceTree = "<group>"; };
		48F33B3126AC2BBD00A704C7 /* Base */ = {isa = PBXFileReference; lastKnownFileType = file.storyboard; name = Base; path = Base.lproj/LaunchScreen.storyboard; sourceTree = "<group>"; };
		48F33B3326AC2BBD00A704C7 /* Info.plist */ = {isa = PBXFileReference; lastKnownFileType = text.plist.xml; path = Info.plist; sourceTree = "<group>"; };
/* End PBXFileReference section */

/* Begin PBXFrameworksBuildPhase section */
		48F33B1F26AC2BBC00A704C7 /* Frameworks */ = {
			isa = PBXFrameworksBuildPhase;
			buildActionMask = 2147483647;
			files = (
				48F33B5626AC2E2B00A704C7 /* RxFlow in Frameworks */,
				48F33B5E26AC2F5300A704C7 /* ApolloSQLite in Frameworks */,
				48F33B7E26AC30A300A704C7 /* RxRelay in Frameworks */,
				48F33B7C26AC30A300A704C7 /* RxCocoa in Frameworks */,
				48F33B6626AC2F5300A704C7 /* ApolloAPI in Frameworks */,
				48F33B7026AC2F8A00A704C7 /* PinLayout in Frameworks */,
				4898971B26AC3495000499AC /* RxKakaoSDKAuth in Frameworks */,
				4898971926AC3495000499AC /* RxKakaoSDKCommon in Frameworks */,
				4898971226AC31EA000499AC /* KakaoSDKAuth in Frameworks */,
				48F33B6026AC2F5300A704C7 /* ApolloUtils in Frameworks */,
				4898971426AC31EA000499AC /* KakaoSDKCommon in Frameworks */,
				48F33B7A26AC30A300A704C7 /* RxSwift in Frameworks */,
				4898971026AC31EA000499AC /* KakaoSDKUser in Frameworks */,
				48F33B6926AC2F7C00A704C7 /* FlexLayoutYogaKit in Frameworks */,
				4898971726AC3495000499AC /* RxKakaoSDKUser in Frameworks */,
				48F33B5326AC2E1F00A704C7 /* Then in Frameworks */,
				48F33B6B26AC2F7C00A704C7 /* FlexLayoutYoga in Frameworks */,
				48F33B6D26AC2F7C00A704C7 /* FlexLayout in Frameworks */,
				48F33B6426AC2F5300A704C7 /* ApolloWebSocket in Frameworks */,
				48F33B5926AC2E3D00A704C7 /* ReactorKit in Frameworks */,
				48F33B6226AC2F5300A704C7 /* Apollo in Frameworks */,
				48F33B5C26AC2F5300A704C7 /* ApolloCodegenLib in Frameworks */,
				48F33B4226AC2DE200A704C7 /* RxGesture in Frameworks */,
			);
			runOnlyForDeploymentPostprocessing = 0;
		};
/* End PBXFrameworksBuildPhase section */

/* Begin PBXGroup section */
		489FB9D026AC394D00641F21 /* Flows */ = {
			isa = PBXGroup;
			children = (
				4898971E26AC353F000499AC /* AppSteps.swift */,
				4898971C26AC3527000499AC /* AppStepper.swift */,
				4898972026AC356F000499AC /* AppFlow.swift */,
				4898972426AC36DC000499AC /* HomeFlow.swift */,
				489FB9D926AC3BD400641F21 /* TimelineFlow.swift */,
				489FB9D126AC397A00641F21 /* MapFlow.swift */,
				489FB9E726AC3DA500641F21 /* UserInfoFlow.swift */,
			);
			path = Flows;
			sourceTree = "<group>";
		};
		489FB9D726AC3AB100641F21 /* MapScene */ = {
			isa = PBXGroup;
			children = (
				489FB9D326AC3A4400641F21 /* MapViewController.swift */,
				489FB9D526AC3A4B00641F21 /* MapViewModel.swift */,
			);
			path = MapScene;
			sourceTree = "<group>";
		};
		489FB9D826AC3AB600641F21 /* Scenes */ = {
			isa = PBXGroup;
			children = (
				489FB9E626AC3D0900641F21 /* UserInfoScene */,
				489FB9E126AC3C4E00641F21 /* TimelineScene */,
				489FB9D726AC3AB100641F21 /* MapScene */,
			);
			path = Scenes;
			sourceTree = "<group>";
		};
		489FB9E126AC3C4E00641F21 /* TimelineScene */ = {
			isa = PBXGroup;
			children = (
				489FB9DD26AC3C0200641F21 /* FeedViewController.swift */,
				489FB9DF26AC3C1500641F21 /* TimelineViewModel.swift */,
			);
			path = TimelineScene;
			sourceTree = "<group>";
		};
		489FB9E626AC3D0900641F21 /* UserInfoScene */ = {
			isa = PBXGroup;
			children = (
				489FB9E226AC3D0000641F21 /* UserInfoViewController.swift */,
				489FB9E426AC3D0600641F21 /* UserInfoViewModel.swift */,
			);
			path = UserInfoScene;
			sourceTree = "<group>";
		};
		48F33B1926AC2BBC00A704C7 = {
			isa = PBXGroup;
			children = (
				48F33B2426AC2BBC00A704C7 /* Travelog */,
				48F33B2326AC2BBC00A704C7 /* Products */,
			);
			sourceTree = "<group>";
		};
		48F33B2326AC2BBC00A704C7 /* Products */ = {
			isa = PBXGroup;
			children = (
				48F33B2226AC2BBC00A704C7 /* Travelog.app */,
			);
			name = Products;
			sourceTree = "<group>";
		};
		48F33B2426AC2BBC00A704C7 /* Travelog */ = {
			isa = PBXGroup;
			children = (
				48F33B2526AC2BBC00A704C7 /* AppDelegate.swift */,
				48F33B2726AC2BBC00A704C7 /* SceneDelegate.swift */,
				489FB9D826AC3AB600641F21 /* Scenes */,
				489FB9D026AC394D00641F21 /* Flows */,
				48F33B2926AC2BBC00A704C7 /* ViewController.swift */,
				48F33B2E26AC2BBD00A704C7 /* Assets.xcassets */,
				48F33B3026AC2BBD00A704C7 /* LaunchScreen.storyboard */,
				48F33B3326AC2BBD00A704C7 /* Info.plist */,
			);
			path = Travelog;
			sourceTree = "<group>";
		};
/* End PBXGroup section */

/* Begin PBXNativeTarget section */
		48F33B2126AC2BBC00A704C7 /* Travelog */ = {
			isa = PBXNativeTarget;
			buildConfigurationList = 48F33B3626AC2BBD00A704C7 /* Build configuration list for PBXNativeTarget "Travelog" */;
			buildPhases = (
				48F33B1E26AC2BBC00A704C7 /* Sources */,
				48F33B1F26AC2BBC00A704C7 /* Frameworks */,
				48F33B2026AC2BBC00A704C7 /* Resources */,
			);
			buildRules = (
			);
			dependencies = (
			);
			name = Travelog;
			packageProductDependencies = (
				48F33B4126AC2DE200A704C7 /* RxGesture */,
				48F33B5226AC2E1F00A704C7 /* Then */,
				48F33B5526AC2E2B00A704C7 /* RxFlow */,
				48F33B5826AC2E3D00A704C7 /* ReactorKit */,
				48F33B5B26AC2F5300A704C7 /* ApolloCodegenLib */,
				48F33B5D26AC2F5300A704C7 /* ApolloSQLite */,
				48F33B5F26AC2F5300A704C7 /* ApolloUtils */,
				48F33B6126AC2F5300A704C7 /* Apollo */,
				48F33B6326AC2F5300A704C7 /* ApolloWebSocket */,
				48F33B6526AC2F5300A704C7 /* ApolloAPI */,
				48F33B6826AC2F7C00A704C7 /* FlexLayoutYogaKit */,
				48F33B6A26AC2F7C00A704C7 /* FlexLayoutYoga */,
				48F33B6C26AC2F7C00A704C7 /* FlexLayout */,
				48F33B6F26AC2F8A00A704C7 /* PinLayout */,
				48F33B7926AC30A300A704C7 /* RxSwift */,
				48F33B7B26AC30A300A704C7 /* RxCocoa */,
				48F33B7D26AC30A300A704C7 /* RxRelay */,
				4898970F26AC31EA000499AC /* KakaoSDKUser */,
				4898971126AC31EA000499AC /* KakaoSDKAuth */,
				4898971326AC31EA000499AC /* KakaoSDKCommon */,
				4898971626AC3495000499AC /* RxKakaoSDKUser */,
				4898971826AC3495000499AC /* RxKakaoSDKCommon */,
				4898971A26AC3495000499AC /* RxKakaoSDKAuth */,
			);
			productName = Travelog;
			productReference = 48F33B2226AC2BBC00A704C7 /* Travelog.app */;
			productType = "com.apple.product-type.application";
		};
/* End PBXNativeTarget section */

/* Begin PBXProject section */
		48F33B1A26AC2BBC00A704C7 /* Project object */ = {
			isa = PBXProject;
			attributes = {
				LastSwiftUpdateCheck = 1250;
				LastUpgradeCheck = 1250;
				TargetAttributes = {
					48F33B2126AC2BBC00A704C7 = {
						CreatedOnToolsVersion = 12.5.1;
					};
				};
			};
			buildConfigurationList = 48F33B1D26AC2BBC00A704C7 /* Build configuration list for PBXProject "Travelog" */;
			compatibilityVersion = "Xcode 9.3";
			developmentRegion = en;
			hasScannedForEncodings = 0;
			knownRegions = (
				en,
				Base,
			);
			mainGroup = 48F33B1926AC2BBC00A704C7;
			packageReferences = (
				48F33B4026AC2DE200A704C7 /* XCRemoteSwiftPackageReference "RxGesture" */,
				48F33B5126AC2E1F00A704C7 /* XCRemoteSwiftPackageReference "Then" */,
				48F33B5426AC2E2B00A704C7 /* XCRemoteSwiftPackageReference "RxFlow" */,
				48F33B5726AC2E3D00A704C7 /* XCRemoteSwiftPackageReference "ReactorKit" */,
				48F33B5A26AC2F5300A704C7 /* XCRemoteSwiftPackageReference "apollo-ios" */,
				48F33B6726AC2F7C00A704C7 /* XCRemoteSwiftPackageReference "FlexLayout" */,
				48F33B6E26AC2F8900A704C7 /* XCRemoteSwiftPackageReference "PinLayout" */,
				48F33B7826AC30A300A704C7 /* XCRemoteSwiftPackageReference "RxSwift" */,
				4898970E26AC31EA000499AC /* XCRemoteSwiftPackageReference "KakaoSDK" */,
				4898971526AC3495000499AC /* XCRemoteSwiftPackageReference "RxKakaoSDK" */,
			);
			productRefGroup = 48F33B2326AC2BBC00A704C7 /* Products */;
			projectDirPath = "";
			projectRoot = "";
			targets = (
				48F33B2126AC2BBC00A704C7 /* Travelog */,
			);
		};
/* End PBXProject section */

/* Begin PBXResourcesBuildPhase section */
		48F33B2026AC2BBC00A704C7 /* Resources */ = {
			isa = PBXResourcesBuildPhase;
			buildActionMask = 2147483647;
			files = (
				48F33B3226AC2BBD00A704C7 /* LaunchScreen.storyboard in Resources */,
				48F33B2F26AC2BBD00A704C7 /* Assets.xcassets in Resources */,
			);
			runOnlyForDeploymentPostprocessing = 0;
		};
/* End PBXResourcesBuildPhase section */

/* Begin PBXSourcesBuildPhase section */
		48F33B1E26AC2BBC00A704C7 /* Sources */ = {
			isa = PBXSourcesBuildPhase;
			buildActionMask = 2147483647;
			files = (
				489FB9E826AC3DA500641F21 /* UserInfoFlow.swift in Sources */,
				48F33B2A26AC2BBC00A704C7 /* ViewController.swift in Sources */,
				489FB9D626AC3A4B00641F21 /* MapViewModel.swift in Sources */,
				4898972126AC356F000499AC /* AppFlow.swift in Sources */,
				4898972526AC36DC000499AC /* HomeFlow.swift in Sources */,
				48F33B2626AC2BBC00A704C7 /* AppDelegate.swift in Sources */,
				489FB9E526AC3D0600641F21 /* UserInfoViewModel.swift in Sources */,
				489FB9D426AC3A4400641F21 /* MapViewController.swift in Sources */,
				48F33B2826AC2BBC00A704C7 /* SceneDelegate.swift in Sources */,
				489FB9DA26AC3BD400641F21 /* TimelineFlow.swift in Sources */,
				4898971D26AC3527000499AC /* AppStepper.swift in Sources */,
				489FB9D226AC397A00641F21 /* MapFlow.swift in Sources */,
				489FB9E326AC3D0000641F21 /* UserInfoViewController.swift in Sources */,
				489FB9DE26AC3C0200641F21 /* FeedViewController.swift in Sources */,
				4898971F26AC353F000499AC /* AppSteps.swift in Sources */,
				489FB9E026AC3C1500641F21 /* TimelineViewModel.swift in Sources */,
			);
			runOnlyForDeploymentPostprocessing = 0;
		};
/* End PBXSourcesBuildPhase section */

/* Begin PBXVariantGroup section */
		48F33B3026AC2BBD00A704C7 /* LaunchScreen.storyboard */ = {
			isa = PBXVariantGroup;
			children = (
				48F33B3126AC2BBD00A704C7 /* Base */,
			);
			name = LaunchScreen.storyboard;
			sourceTree = "<group>";
		};
/* End PBXVariantGroup section */

/* Begin XCBuildConfiguration section */
		48F33B3426AC2BBD00A704C7 /* Debug */ = {
			isa = XCBuildConfiguration;
			buildSettings = {
				ALWAYS_SEARCH_USER_PATHS = NO;
				CLANG_ANALYZER_NONNULL = YES;
				CLANG_ANALYZER_NUMBER_OBJECT_CONVERSION = YES_AGGRESSIVE;
				CLANG_CXX_LANGUAGE_STANDARD = "gnu++14";
				CLANG_CXX_LIBRARY = "libc++";
				CLANG_ENABLE_MODULES = YES;
				CLANG_ENABLE_OBJC_ARC = YES;
				CLANG_ENABLE_OBJC_WEAK = YES;
				CLANG_WARN_BLOCK_CAPTURE_AUTORELEASING = YES;
				CLANG_WARN_BOOL_CONVERSION = YES;
				CLANG_WARN_COMMA = YES;
				CLANG_WARN_CONSTANT_CONVERSION = YES;
				CLANG_WARN_DEPRECATED_OBJC_IMPLEMENTATIONS = YES;
				CLANG_WARN_DIRECT_OBJC_ISA_USAGE = YES_ERROR;
				CLANG_WARN_DOCUMENTATION_COMMENTS = YES;
				CLANG_WARN_EMPTY_BODY = YES;
				CLANG_WARN_ENUM_CONVERSION = YES;
				CLANG_WARN_INFINITE_RECURSION = YES;
				CLANG_WARN_INT_CONVERSION = YES;
				CLANG_WARN_NON_LITERAL_NULL_CONVERSION = YES;
				CLANG_WARN_OBJC_IMPLICIT_RETAIN_SELF = YES;
				CLANG_WARN_OBJC_LITERAL_CONVERSION = YES;
				CLANG_WARN_OBJC_ROOT_CLASS = YES_ERROR;
				CLANG_WARN_QUOTED_INCLUDE_IN_FRAMEWORK_HEADER = YES;
				CLANG_WARN_RANGE_LOOP_ANALYSIS = YES;
				CLANG_WARN_STRICT_PROTOTYPES = YES;
				CLANG_WARN_SUSPICIOUS_MOVE = YES;
				CLANG_WARN_UNGUARDED_AVAILABILITY = YES_AGGRESSIVE;
				CLANG_WARN_UNREACHABLE_CODE = YES;
				CLANG_WARN__DUPLICATE_METHOD_MATCH = YES;
				COPY_PHASE_STRIP = NO;
				DEBUG_INFORMATION_FORMAT = dwarf;
				ENABLE_STRICT_OBJC_MSGSEND = YES;
				ENABLE_TESTABILITY = YES;
				GCC_C_LANGUAGE_STANDARD = gnu11;
				GCC_DYNAMIC_NO_PIC = NO;
				GCC_NO_COMMON_BLOCKS = YES;
				GCC_OPTIMIZATION_LEVEL = 0;
				GCC_PREPROCESSOR_DEFINITIONS = (
					"DEBUG=1",
					"$(inherited)",
				);
				GCC_WARN_64_TO_32_BIT_CONVERSION = YES;
				GCC_WARN_ABOUT_RETURN_TYPE = YES_ERROR;
				GCC_WARN_UNDECLARED_SELECTOR = YES;
				GCC_WARN_UNINITIALIZED_AUTOS = YES_AGGRESSIVE;
				GCC_WARN_UNUSED_FUNCTION = YES;
				GCC_WARN_UNUSED_VARIABLE = YES;
				IPHONEOS_DEPLOYMENT_TARGET = 13.0;
				MTL_ENABLE_DEBUG_INFO = INCLUDE_SOURCE;
				MTL_FAST_MATH = YES;
				ONLY_ACTIVE_ARCH = YES;
				SDKROOT = iphoneos;
				SWIFT_ACTIVE_COMPILATION_CONDITIONS = DEBUG;
				SWIFT_OPTIMIZATION_LEVEL = "-Onone";
			};
			name = Debug;
		};
		48F33B3526AC2BBD00A704C7 /* Release */ = {
			isa = XCBuildConfiguration;
			buildSettings = {
				ALWAYS_SEARCH_USER_PATHS = NO;
				CLANG_ANALYZER_NONNULL = YES;
				CLANG_ANALYZER_NUMBER_OBJECT_CONVERSION = YES_AGGRESSIVE;
				CLANG_CXX_LANGUAGE_STANDARD = "gnu++14";
				CLANG_CXX_LIBRARY = "libc++";
				CLANG_ENABLE_MODULES = YES;
				CLANG_ENABLE_OBJC_ARC = YES;
				CLANG_ENABLE_OBJC_WEAK = YES;
				CLANG_WARN_BLOCK_CAPTURE_AUTORELEASING = YES;
				CLANG_WARN_BOOL_CONVERSION = YES;
				CLANG_WARN_COMMA = YES;
				CLANG_WARN_CONSTANT_CONVERSION = YES;
				CLANG_WARN_DEPRECATED_OBJC_IMPLEMENTATIONS = YES;
				CLANG_WARN_DIRECT_OBJC_ISA_USAGE = YES_ERROR;
				CLANG_WARN_DOCUMENTATION_COMMENTS = YES;
				CLANG_WARN_EMPTY_BODY = YES;
				CLANG_WARN_ENUM_CONVERSION = YES;
				CLANG_WARN_INFINITE_RECURSION = YES;
				CLANG_WARN_INT_CONVERSION = YES;
				CLANG_WARN_NON_LITERAL_NULL_CONVERSION = YES;
				CLANG_WARN_OBJC_IMPLICIT_RETAIN_SELF = YES;
				CLANG_WARN_OBJC_LITERAL_CONVERSION = YES;
				CLANG_WARN_OBJC_ROOT_CLASS = YES_ERROR;
				CLANG_WARN_QUOTED_INCLUDE_IN_FRAMEWORK_HEADER = YES;
				CLANG_WARN_RANGE_LOOP_ANALYSIS = YES;
				CLANG_WARN_STRICT_PROTOTYPES = YES;
				CLANG_WARN_SUSPICIOUS_MOVE = YES;
				CLANG_WARN_UNGUARDED_AVAILABILITY = YES_AGGRESSIVE;
				CLANG_WARN_UNREACHABLE_CODE = YES;
				CLANG_WARN__DUPLICATE_METHOD_MATCH = YES;
				COPY_PHASE_STRIP = NO;
				DEBUG_INFORMATION_FORMAT = "dwarf-with-dsym";
				ENABLE_NS_ASSERTIONS = NO;
				ENABLE_STRICT_OBJC_MSGSEND = YES;
				GCC_C_LANGUAGE_STANDARD = gnu11;
				GCC_NO_COMMON_BLOCKS = YES;
				GCC_WARN_64_TO_32_BIT_CONVERSION = YES;
				GCC_WARN_ABOUT_RETURN_TYPE = YES_ERROR;
				GCC_WARN_UNDECLARED_SELECTOR = YES;
				GCC_WARN_UNINITIALIZED_AUTOS = YES_AGGRESSIVE;
				GCC_WARN_UNUSED_FUNCTION = YES;
				GCC_WARN_UNUSED_VARIABLE = YES;
				IPHONEOS_DEPLOYMENT_TARGET = 13.0;
				MTL_ENABLE_DEBUG_INFO = NO;
				MTL_FAST_MATH = YES;
				SDKROOT = iphoneos;
				SWIFT_COMPILATION_MODE = wholemodule;
				SWIFT_OPTIMIZATION_LEVEL = "-O";
				VALIDATE_PRODUCT = YES;
			};
			name = Release;
		};
		48F33B3726AC2BBD00A704C7 /* Debug */ = {
			isa = XCBuildConfiguration;
			buildSettings = {
				ASSETCATALOG_COMPILER_APPICON_NAME = AppIcon;
				ASSETCATALOG_COMPILER_GLOBAL_ACCENT_COLOR_NAME = AccentColor;
				CODE_SIGN_STYLE = Automatic;
				DEVELOPMENT_TEAM = 78X32W2D44;
				GCC_PREPROCESSOR_DEFINITIONS = (
					"DEBUG=1",
					"$(inherited)",
					"FLEXLAYOUT_SWIFT_PACKAGE=1",
				);
				INFOPLIST_FILE = Travelog/Info.plist;
				LD_RUNPATH_SEARCH_PATHS = (
					"$(inherited)",
					"@executable_path/Frameworks",
				);
				MARKETING_VERSION = 0.1;
				PRODUCT_BUNDLE_IDENTIFIER = dev.sonjk.Travelog;
				PRODUCT_NAME = "$(TARGET_NAME)";
				SWIFT_VERSION = 5.0;
				TARGETED_DEVICE_FAMILY = 1;
			};
			name = Debug;
		};
		48F33B3826AC2BBD00A704C7 /* Release */ = {
			isa = XCBuildConfiguration;
			buildSettings = {
				ASSETCATALOG_COMPILER_APPICON_NAME = AppIcon;
				ASSETCATALOG_COMPILER_GLOBAL_ACCENT_COLOR_NAME = AccentColor;
				CODE_SIGN_STYLE = Automatic;
				DEVELOPMENT_TEAM = 78X32W2D44;
				GCC_PREPROCESSOR_DEFINITIONS = "FLEXLAYOUT_SWIFT_PACKAGE=1";
				INFOPLIST_FILE = Travelog/Info.plist;
				LD_RUNPATH_SEARCH_PATHS = (
					"$(inherited)",
					"@executable_path/Frameworks",
				);
				MARKETING_VERSION = 0.1;
				PRODUCT_BUNDLE_IDENTIFIER = dev.sonjk.Travelog;
				PRODUCT_NAME = "$(TARGET_NAME)";
				SWIFT_VERSION = 5.0;
				TARGETED_DEVICE_FAMILY = 1;
			};
			name = Release;
		};
/* End XCBuildConfiguration section */

/* Begin XCConfigurationList section */
		48F33B1D26AC2BBC00A704C7 /* Build configuration list for PBXProject "Travelog" */ = {
			isa = XCConfigurationList;
			buildConfigurations = (
				48F33B3426AC2BBD00A704C7 /* Debug */,
				48F33B3526AC2BBD00A704C7 /* Release */,
			);
			defaultConfigurationIsVisible = 0;
			defaultConfigurationName = Release;
		};
		48F33B3626AC2BBD00A704C7 /* Build configuration list for PBXNativeTarget "Travelog" */ = {
			isa = XCConfigurationList;
			buildConfigurations = (
				48F33B3726AC2BBD00A704C7 /* Debug */,
				48F33B3826AC2BBD00A704C7 /* Release */,
			);
			defaultConfigurationIsVisible = 0;
			defaultConfigurationName = Release;
		};
/* End XCConfigurationList section */

/* Begin XCRemoteSwiftPackageReference section */
		4898970E26AC31EA000499AC /* XCRemoteSwiftPackageReference "KakaoSDK" */ = {
			isa = XCRemoteSwiftPackageReference;
			repositoryURL = "https://github.com/elppaaa/KakaoSDK.git";
			requirement = {
				kind = upToNextMajorVersion;
				minimumVersion = 2.6.0;
			};
		};
		4898971526AC3495000499AC /* XCRemoteSwiftPackageReference "RxKakaoSDK" */ = {
			isa = XCRemoteSwiftPackageReference;
			repositoryURL = "https://github.com/elppaaa/RxKakaoSDK.git";
			requirement = {
				branch = main;
				kind = branch;
			};
		};
		48F33B4026AC2DE200A704C7 /* XCRemoteSwiftPackageReference "RxGesture" */ = {
			isa = XCRemoteSwiftPackageReference;
			repositoryURL = "https://github.com/RxSwiftCommunity/RxGesture";
			requirement = {
				kind = upToNextMajorVersion;
				minimumVersion = 4.0.2;
			};
		};
		48F33B5126AC2E1F00A704C7 /* XCRemoteSwiftPackageReference "Then" */ = {
			isa = XCRemoteSwiftPackageReference;
			repositoryURL = "https://github.com/devxoul/Then";
			requirement = {
				kind = upToNextMajorVersion;
				minimumVersion = 2.7.0;
			};
		};
		48F33B5426AC2E2B00A704C7 /* XCRemoteSwiftPackageReference "RxFlow" */ = {
			isa = XCRemoteSwiftPackageReference;
			repositoryURL = "https://github.com/RxSwiftCommunity/RxFlow";
			requirement = {
				kind = upToNextMajorVersion;
				minimumVersion = 2.12.2;
			};
		};
		48F33B5726AC2E3D00A704C7 /* XCRemoteSwiftPackageReference "ReactorKit" */ = {
			isa = XCRemoteSwiftPackageReference;
			repositoryURL = "https://github.com/ReactorKit/ReactorKit";
			requirement = {
				kind = upToNextMajorVersion;
				minimumVersion = 3.0.0;
			};
		};
		48F33B5A26AC2F5300A704C7 /* XCRemoteSwiftPackageReference "apollo-ios" */ = {
			isa = XCRemoteSwiftPackageReference;
			repositoryURL = "https://github.com/apollographql/apollo-ios";
			requirement = {
				kind = upToNextMajorVersion;
				minimumVersion = 0.45.0;
			};
		};
		48F33B6726AC2F7C00A704C7 /* XCRemoteSwiftPackageReference "FlexLayout" */ = {
			isa = XCRemoteSwiftPackageReference;
			repositoryURL = "https://github.com/layoutBox/FlexLayout";
			requirement = {
				kind = upToNextMajorVersion;
				minimumVersion = 1.3.21;
			};
		};
		48F33B6E26AC2F8900A704C7 /* XCRemoteSwiftPackageReference "PinLayout" */ = {
			isa = XCRemoteSwiftPackageReference;
			repositoryURL = "https://github.com/layoutBox/PinLayout";
			requirement = {
				kind = upToNextMajorVersion;
				minimumVersion = 1.10.0;
			};
		};
		48F33B7826AC30A300A704C7 /* XCRemoteSwiftPackageReference "RxSwift" */ = {
			isa = XCRemoteSwiftPackageReference;
			repositoryURL = "https://github.com/ReactiveX/RxSwift.git";
			requirement = {
				kind = upToNextMajorVersion;
				minimumVersion = 6.2.0;
			};
		};
/* End XCRemoteSwiftPackageReference section */

/* Begin XCSwiftPackageProductDependency section */
		4898970F26AC31EA000499AC /* KakaoSDKUser */ = {
			isa = XCSwiftPackageProductDependency;
			package = 4898970E26AC31EA000499AC /* XCRemoteSwiftPackageReference "KakaoSDK" */;
			productName = KakaoSDKUser;
		};
		4898971126AC31EA000499AC /* KakaoSDKAuth */ = {
			isa = XCSwiftPackageProductDependency;
			package = 4898970E26AC31EA000499AC /* XCRemoteSwiftPackageReference "KakaoSDK" */;
			productName = KakaoSDKAuth;
		};
		4898971326AC31EA000499AC /* KakaoSDKCommon */ = {
			isa = XCSwiftPackageProductDependency;
			package = 4898970E26AC31EA000499AC /* XCRemoteSwiftPackageReference "KakaoSDK" */;
			productName = KakaoSDKCommon;
		};
		4898971626AC3495000499AC /* RxKakaoSDKUser */ = {
			isa = XCSwiftPackageProductDependency;
			package = 4898971526AC3495000499AC /* XCRemoteSwiftPackageReference "RxKakaoSDK" */;
			productName = RxKakaoSDKUser;
		};
		4898971826AC3495000499AC /* RxKakaoSDKCommon */ = {
			isa = XCSwiftPackageProductDependency;
			package = 4898971526AC3495000499AC /* XCRemoteSwiftPackageReference "RxKakaoSDK" */;
			productName = RxKakaoSDKCommon;
		};
		4898971A26AC3495000499AC /* RxKakaoSDKAuth */ = {
			isa = XCSwiftPackageProductDependency;
			package = 4898971526AC3495000499AC /* XCRemoteSwiftPackageReference "RxKakaoSDK" */;
			productName = RxKakaoSDKAuth;
		};
		48F33B4126AC2DE200A704C7 /* RxGesture */ = {
			isa = XCSwiftPackageProductDependency;
			package = 48F33B4026AC2DE200A704C7 /* XCRemoteSwiftPackageReference "RxGesture" */;
			productName = RxGesture;
		};
		48F33B5226AC2E1F00A704C7 /* Then */ = {
			isa = XCSwiftPackageProductDependency;
			package = 48F33B5126AC2E1F00A704C7 /* XCRemoteSwiftPackageReference "Then" */;
			productName = Then;
		};
		48F33B5526AC2E2B00A704C7 /* RxFlow */ = {
			isa = XCSwiftPackageProductDependency;
			package = 48F33B5426AC2E2B00A704C7 /* XCRemoteSwiftPackageReference "RxFlow" */;
			productName = RxFlow;
		};
		48F33B5826AC2E3D00A704C7 /* ReactorKit */ = {
			isa = XCSwiftPackageProductDependency;
			package = 48F33B5726AC2E3D00A704C7 /* XCRemoteSwiftPackageReference "ReactorKit" */;
			productName = ReactorKit;
		};
		48F33B5B26AC2F5300A704C7 /* ApolloCodegenLib */ = {
			isa = XCSwiftPackageProductDependency;
			package = 48F33B5A26AC2F5300A704C7 /* XCRemoteSwiftPackageReference "apollo-ios" */;
			productName = ApolloCodegenLib;
		};
		48F33B5D26AC2F5300A704C7 /* ApolloSQLite */ = {
			isa = XCSwiftPackageProductDependency;
			package = 48F33B5A26AC2F5300A704C7 /* XCRemoteSwiftPackageReference "apollo-ios" */;
			productName = ApolloSQLite;
		};
		48F33B5F26AC2F5300A704C7 /* ApolloUtils */ = {
			isa = XCSwiftPackageProductDependency;
			package = 48F33B5A26AC2F5300A704C7 /* XCRemoteSwiftPackageReference "apollo-ios" */;
			productName = ApolloUtils;
		};
		48F33B6126AC2F5300A704C7 /* Apollo */ = {
			isa = XCSwiftPackageProductDependency;
			package = 48F33B5A26AC2F5300A704C7 /* XCRemoteSwiftPackageReference "apollo-ios" */;
			productName = Apollo;
		};
		48F33B6326AC2F5300A704C7 /* ApolloWebSocket */ = {
			isa = XCSwiftPackageProductDependency;
			package = 48F33B5A26AC2F5300A704C7 /* XCRemoteSwiftPackageReference "apollo-ios" */;
			productName = ApolloWebSocket;
		};
		48F33B6526AC2F5300A704C7 /* ApolloAPI */ = {
			isa = XCSwiftPackageProductDependency;
			package = 48F33B5A26AC2F5300A704C7 /* XCRemoteSwiftPackageReference "apollo-ios" */;
			productName = ApolloAPI;
		};
		48F33B6826AC2F7C00A704C7 /* FlexLayoutYogaKit */ = {
			isa = XCSwiftPackageProductDependency;
			package = 48F33B6726AC2F7C00A704C7 /* XCRemoteSwiftPackageReference "FlexLayout" */;
			productName = FlexLayoutYogaKit;
		};
		48F33B6A26AC2F7C00A704C7 /* FlexLayoutYoga */ = {
			isa = XCSwiftPackageProductDependency;
			package = 48F33B6726AC2F7C00A704C7 /* XCRemoteSwiftPackageReference "FlexLayout" */;
			productName = FlexLayoutYoga;
		};
		48F33B6C26AC2F7C00A704C7 /* FlexLayout */ = {
			isa = XCSwiftPackageProductDependency;
			package = 48F33B6726AC2F7C00A704C7 /* XCRemoteSwiftPackageReference "FlexLayout" */;
			productName = FlexLayout;
		};
		48F33B6F26AC2F8A00A704C7 /* PinLayout */ = {
			isa = XCSwiftPackageProductDependency;
			package = 48F33B6E26AC2F8900A704C7 /* XCRemoteSwiftPackageReference "PinLayout" */;
			productName = PinLayout;
		};
		48F33B7926AC30A300A704C7 /* RxSwift */ = {
			isa = XCSwiftPackageProductDependency;
			package = 48F33B7826AC30A300A704C7 /* XCRemoteSwiftPackageReference "RxSwift" */;
			productName = RxSwift;
		};
		48F33B7B26AC30A300A704C7 /* RxCocoa */ = {
			isa = XCSwiftPackageProductDependency;
			package = 48F33B7826AC30A300A704C7 /* XCRemoteSwiftPackageReference "RxSwift" */;
			productName = RxCocoa;
		};
		48F33B7D26AC30A300A704C7 /* RxRelay */ = {
			isa = XCSwiftPackageProductDependency;
			package = 48F33B7826AC30A300A704C7 /* XCRemoteSwiftPackageReference "RxSwift" */;
			productName = RxRelay;
		};
/* End XCSwiftPackageProductDependency section */
	};
	rootObject = 48F33B1A26AC2BBC00A704C7 /* Project object */;
}
